// !$*UTF8*$!
{
	archiveVersion = 1;
	classes = {
	};
	objectVersion = 56;
	objects = {

/* Begin PBXBuildFile section */
		490351AE2A0D448900B3693B /* Flow.swift in Sources */ = {isa = PBXBuildFile; fileRef = 84751A7F2A090FB2003096DA /* Flow.swift */; };
		490351AF2A0D448900B3693B /* Variable.swift in Sources */ = {isa = PBXBuildFile; fileRef = 84751A682A063A02003096DA /* Variable.swift */; };
		490351B02A0D448900B3693B /* TokenAST.swift in Sources */ = {isa = PBXBuildFile; fileRef = 84751A662A0639C6003096DA /* TokenAST.swift */; };
		490351B12A0D448900B3693B /* Condition.swift in Sources */ = {isa = PBXBuildFile; fileRef = 84751A782A08EAC4003096DA /* Condition.swift */; };
		490351B22A0D448900B3693B /* Output.swift in Sources */ = {isa = PBXBuildFile; fileRef = 84751A7D2A090EC0003096DA /* Output.swift */; };
		490351B52A0D4B9A00B3693B /* InterpreterManager.swift in Sources */ = {isa = PBXBuildFile; fileRef = 490351B42A0D4B9A00B3693B /* InterpreterManager.swift */; };
		4916722F2A135BA900457A80 /* FunctionBlockCell.swift in Sources */ = {isa = PBXBuildFile; fileRef = 4916722E2A135BA900457A80 /* FunctionBlockCell.swift */; };
		491672312A135BD700457A80 /* FunctionBlockCellViewModel.swift in Sources */ = {isa = PBXBuildFile; fileRef = 491672302A135BD700457A80 /* FunctionBlockCellViewModel.swift */; };
		491672352A13624B00457A80 /* BlockSeparatorLabel.swift in Sources */ = {isa = PBXBuildFile; fileRef = 491672342A13624B00457A80 /* BlockSeparatorLabel.swift */; };
		491672372A13649C00457A80 /* BlockTitleLabel.swift in Sources */ = {isa = PBXBuildFile; fileRef = 491672362A13649C00457A80 /* BlockTitleLabel.swift */; };
		492560E02A13B4120040BE51 /* Function.swift in Sources */ = {isa = PBXBuildFile; fileRef = 490668DF2A13B24800CCE425 /* Function.swift */; };
		492560E12A13B4180040BE51 /* Returning.swift in Sources */ = {isa = PBXBuildFile; fileRef = 490668D92A13B24800CCE425 /* Returning.swift */; };
		492BA4172A0AB0430019EFBE /* BlockType.swift in Sources */ = {isa = PBXBuildFile; fileRef = 492BA4162A0AB0430019EFBE /* BlockType.swift */; };
		492BA4192A0AB83F0019EFBE /* BlockCellStyle.swift in Sources */ = {isa = PBXBuildFile; fileRef = 492BA4182A0AB83F0019EFBE /* BlockCellStyle.swift */; };
		492E820C29FEFA2F000C909A /* UIColor+AppColors.swift in Sources */ = {isa = PBXBuildFile; fileRef = 492E820B29FEFA2F000C909A /* UIColor+AppColors.swift */; };
		495128852A131760004717B5 /* SeparatorType.swift in Sources */ = {isa = PBXBuildFile; fileRef = 495128842A131760004717B5 /* SeparatorType.swift */; };
		495147812A08CF8B00FD13AB /* BlockCell.swift in Sources */ = {isa = PBXBuildFile; fileRef = 495147802A08CF8B00FD13AB /* BlockCell.swift */; };
		495147832A09386000FD13AB /* BlockCellViewModel.swift in Sources */ = {isa = PBXBuildFile; fileRef = 495147822A09386000FD13AB /* BlockCellViewModel.swift */; };
		4952B0B32A12303300F7FEFC /* ForLoopBlockCell.swift in Sources */ = {isa = PBXBuildFile; fileRef = 4952B0B22A12303300F7FEFC /* ForLoopBlockCell.swift */; };
		4952B0B52A12308E00F7FEFC /* ForLoopBlockCellViewModel.swift in Sources */ = {isa = PBXBuildFile; fileRef = 4952B0B42A12308E00F7FEFC /* ForLoopBlockCellViewModel.swift */; };
		495B416C29FCEFD300DEF375 /* AppDelegate.swift in Sources */ = {isa = PBXBuildFile; fileRef = 495B416B29FCEFD300DEF375 /* AppDelegate.swift */; };
		495B416E29FCEFD300DEF375 /* SceneDelegate.swift in Sources */ = {isa = PBXBuildFile; fileRef = 495B416D29FCEFD300DEF375 /* SceneDelegate.swift */; };
		495B417529FCEFD400DEF375 /* Assets.xcassets in Resources */ = {isa = PBXBuildFile; fileRef = 495B417429FCEFD400DEF375 /* Assets.xcassets */; };
		495B417829FCEFD400DEF375 /* LaunchScreen.storyboard in Resources */ = {isa = PBXBuildFile; fileRef = 495B417629FCEFD400DEF375 /* LaunchScreen.storyboard */; };
		495B9EB62A06781600A825E5 /* BlockTextField.swift in Sources */ = {isa = PBXBuildFile; fileRef = 495B9EB52A06781600A825E5 /* BlockTextField.swift */; };
		495B9EB82A06A92100A825E5 /* UIFont+AppFonts.swift in Sources */ = {isa = PBXBuildFile; fileRef = 495B9EB72A06A92100A825E5 /* UIFont+AppFonts.swift */; };
		495EECD12A1A24EA00C90546 /* OptionsView.swift in Sources */ = {isa = PBXBuildFile; fileRef = 495EECD02A1A24EA00C90546 /* OptionsView.swift */; };
		495EECD42A1A277E00C90546 /* OptionsViewConfiguration.swift in Sources */ = {isa = PBXBuildFile; fileRef = 495EECD32A1A277E00C90546 /* OptionsViewConfiguration.swift */; };
		496A95B52A0151F3007F1C17 /* CodeBlocksCoordinator.swift in Sources */ = {isa = PBXBuildFile; fileRef = 496A95B42A0151F3007F1C17 /* CodeBlocksCoordinator.swift */; };
		496A95B72A01529C007F1C17 /* WorkspaceCoordinator.swift in Sources */ = {isa = PBXBuildFile; fileRef = 496A95B62A01529C007F1C17 /* WorkspaceCoordinator.swift */; };
		496A95B92A015320007F1C17 /* ConsoleCoordinator.swift in Sources */ = {isa = PBXBuildFile; fileRef = 496A95B82A015320007F1C17 /* ConsoleCoordinator.swift */; };
		498971BC2A002F0700448D4F /* TabFlow.swift in Sources */ = {isa = PBXBuildFile; fileRef = 498971BB2A002F0700448D4F /* TabFlow.swift */; };
		49917EC12A1F74D4006A3FF8 /* ArrayMethod.swift in Sources */ = {isa = PBXBuildFile; fileRef = 49917EC02A1F74D4006A3FF8 /* ArrayMethod.swift */; };
		49917EC82A1F7A2C006A3FF8 /* ArrayMethodBlockCell.swift in Sources */ = {isa = PBXBuildFile; fileRef = 49917EC72A1F7A2C006A3FF8 /* ArrayMethodBlockCell.swift */; };
		49917ECA2A1F7A3D006A3FF8 /* ArrayMethodBlockCellViewModel.swift in Sources */ = {isa = PBXBuildFile; fileRef = 49917EC92A1F7A3D006A3FF8 /* ArrayMethodBlockCellViewModel.swift */; };
		49917ECF2A1FCEC8006A3FF8 /* VariableTypeButton.swift in Sources */ = {isa = PBXBuildFile; fileRef = 49917ECE2A1FCEC8006A3FF8 /* VariableTypeButton.swift */; };
		4997E0E92A0CA194000C35AD /* OutputBlockCell.swift in Sources */ = {isa = PBXBuildFile; fileRef = 4997E0E82A0CA194000C35AD /* OutputBlockCell.swift */; };
		4997E0EB2A0CA951000C35AD /* OutputBlockCellViewModel.swift in Sources */ = {isa = PBXBuildFile; fileRef = 4997E0EA2A0CA951000C35AD /* OutputBlockCellViewModel.swift */; };
		49A08EBC2A20AF9F009B92CD /* AlgorithmRepositoryImpl.swift in Sources */ = {isa = PBXBuildFile; fileRef = 49A08EBB2A20AF9F009B92CD /* AlgorithmRepositoryImpl.swift */; };
		49A08EBF2A20E54D009B92CD /* AlgorithmRepository.swift in Sources */ = {isa = PBXBuildFile; fileRef = 49A08EBE2A20E54D009B92CD /* AlgorithmRepository.swift */; };
		49A08EC32A20EB30009B92CD /* AlgorithmPreviewCellViewModel.swift in Sources */ = {isa = PBXBuildFile; fileRef = 49A08EC22A20EB30009B92CD /* AlgorithmPreviewCellViewModel.swift */; };
		49A08EC52A20EB43009B92CD /* AlgorithmPreviewCell.swift in Sources */ = {isa = PBXBuildFile; fileRef = 49A08EC42A20EB43009B92CD /* AlgorithmPreviewCell.swift */; };
		49A08EC72A20EB9F009B92CD /* AlgorithmPreviewLayout.swift in Sources */ = {isa = PBXBuildFile; fileRef = 49A08EC62A20EB9F009B92CD /* AlgorithmPreviewLayout.swift */; };
		49A08ECB2A210179009B92CD /* Algorithm.swift in Sources */ = {isa = PBXBuildFile; fileRef = 49A08ECA2A210179009B92CD /* Algorithm.swift */; };
		49A3465B2A058F8F003BC2B9 /* ConditionBlockCell.swift in Sources */ = {isa = PBXBuildFile; fileRef = 49A3465A2A058F8F003BC2B9 /* ConditionBlockCell.swift */; };
		49A3465D2A058FA9003BC2B9 /* ConditionBlockCellViewModel.swift in Sources */ = {isa = PBXBuildFile; fileRef = 49A3465C2A058FA9003BC2B9 /* ConditionBlockCellViewModel.swift */; };
		49A346632A0592FD003BC2B9 /* BlockHeaderView.swift in Sources */ = {isa = PBXBuildFile; fileRef = 49A346622A0592FD003BC2B9 /* BlockHeaderView.swift */; };
		49B67C502A0F9FC000B70F25 /* FlowBlockCell.swift in Sources */ = {isa = PBXBuildFile; fileRef = 49B67C4F2A0F9FC000B70F25 /* FlowBlockCell.swift */; };
		49B67C522A0F9FCC00B70F25 /* FlowBlockCellViewModel.swift in Sources */ = {isa = PBXBuildFile; fileRef = 49B67C512A0F9FCC00B70F25 /* FlowBlockCellViewModel.swift */; };
		49B67C572A0FC77E00B70F25 /* FlowBlockStyle.swift in Sources */ = {isa = PBXBuildFile; fileRef = 49B67C562A0FC77E00B70F25 /* FlowBlockStyle.swift */; };
		49B67C5E2A0FEF6B00B70F25 /* WhileLoopBlockCell.swift in Sources */ = {isa = PBXBuildFile; fileRef = 49B67C5D2A0FEF6B00B70F25 /* WhileLoopBlockCell.swift */; };
		49B67C602A0FF24B00B70F25 /* WhileLoopBlockCellViewModel.swift in Sources */ = {isa = PBXBuildFile; fileRef = 49B67C5F2A0FF24B00B70F25 /* WhileLoopBlockCellViewModel.swift */; };
		49B67C652A0FFA4800B70F25 /* LabelTFBlockCell.swift in Sources */ = {isa = PBXBuildFile; fileRef = 49B67C642A0FFA4800B70F25 /* LabelTFBlockCell.swift */; };
		49C661C02A02DA4200439E2A /* VariableBlockCell.swift in Sources */ = {isa = PBXBuildFile; fileRef = 49C661BF2A02DA4200439E2A /* VariableBlockCell.swift */; };
		49C661C32A02DAA200439E2A /* VariableBlockCellViewModel.swift in Sources */ = {isa = PBXBuildFile; fileRef = 49C661C22A02DAA200439E2A /* VariableBlockCellViewModel.swift */; };
		49C9AA772A21994A001198FD /* ReturningBlockCell.swift in Sources */ = {isa = PBXBuildFile; fileRef = 49C9AA762A21994A001198FD /* ReturningBlockCell.swift */; };
		49C9AA792A21995C001198FD /* ReturningBlockCellViewModel.swift in Sources */ = {isa = PBXBuildFile; fileRef = 49C9AA782A21995C001198FD /* ReturningBlockCellViewModel.swift */; };
		49D8A2B429FEB9B400DF5B8E /* AppCoordinator.swift in Sources */ = {isa = PBXBuildFile; fileRef = 49D8A2B329FEB9B400DF5B8E /* AppCoordinator.swift */; };
		49D8A2B729FEB9C800DF5B8E /* BaseCoordinator.swift in Sources */ = {isa = PBXBuildFile; fileRef = 49D8A2B629FEB9C800DF5B8E /* BaseCoordinator.swift */; };
		49D8A2BA29FEB9DB00DF5B8E /* Coordinator.swift in Sources */ = {isa = PBXBuildFile; fileRef = 49D8A2B929FEB9DB00DF5B8E /* Coordinator.swift */; };
		49D8A2BD29FEBD1000DF5B8E /* MainTabBarViewController.swift in Sources */ = {isa = PBXBuildFile; fileRef = 49D8A2BC29FEBD1000DF5B8E /* MainTabBarViewController.swift */; };
		49D8A2BF29FEBD8C00DF5B8E /* MainTabBarCoordinator.swift in Sources */ = {isa = PBXBuildFile; fileRef = 49D8A2BE29FEBD8C00DF5B8E /* MainTabBarCoordinator.swift */; };
		49D8A2C629FEBFC100DF5B8E /* CodeBlocksViewController.swift in Sources */ = {isa = PBXBuildFile; fileRef = 49D8A2C529FEBFC100DF5B8E /* CodeBlocksViewController.swift */; };
		49D8A2C829FEC05A00DF5B8E /* WorkspaceViewController.swift in Sources */ = {isa = PBXBuildFile; fileRef = 49D8A2C729FEC05A00DF5B8E /* WorkspaceViewController.swift */; };
		49D8A2CA29FEC09100DF5B8E /* ConsoleViewController.swift in Sources */ = {isa = PBXBuildFile; fileRef = 49D8A2C929FEC09100DF5B8E /* ConsoleViewController.swift */; };
		49D8A2CE29FEC5C000DF5B8E /* CodeBlocksViewModel.swift in Sources */ = {isa = PBXBuildFile; fileRef = 49D8A2CD29FEC5C000DF5B8E /* CodeBlocksViewModel.swift */; };
		49D8A2D029FEC5D100DF5B8E /* CodeBlocksViewModelType.swift in Sources */ = {isa = PBXBuildFile; fileRef = 49D8A2CF29FEC5D100DF5B8E /* CodeBlocksViewModelType.swift */; };
		49D8A2D729FEC6D500DF5B8E /* WorkspaceViewModel.swift in Sources */ = {isa = PBXBuildFile; fileRef = 49D8A2D629FEC6D500DF5B8E /* WorkspaceViewModel.swift */; };
		49D8A2D929FEC6E000DF5B8E /* WorkspaceViewModelType.swift in Sources */ = {isa = PBXBuildFile; fileRef = 49D8A2D829FEC6E000DF5B8E /* WorkspaceViewModelType.swift */; };
		49D8A2DB29FEC75700DF5B8E /* ConsoleViewModel.swift in Sources */ = {isa = PBXBuildFile; fileRef = 49D8A2DA29FEC75700DF5B8E /* ConsoleViewModel.swift */; };
		49D8A2DD29FEC76100DF5B8E /* ConsoleViewModelType.swift in Sources */ = {isa = PBXBuildFile; fileRef = 49D8A2DC29FEC76100DF5B8E /* ConsoleViewModelType.swift */; };
		49D8A2E329FED81900DF5B8E /* HubCoordinator.swift in Sources */ = {isa = PBXBuildFile; fileRef = 49D8A2E229FED81900DF5B8E /* HubCoordinator.swift */; };
		49D8A2E529FED87C00DF5B8E /* HubViewController.swift in Sources */ = {isa = PBXBuildFile; fileRef = 49D8A2E429FED87C00DF5B8E /* HubViewController.swift */; };
		49D8A2E729FED8CB00DF5B8E /* HubViewModel.swift in Sources */ = {isa = PBXBuildFile; fileRef = 49D8A2E629FED8CB00DF5B8E /* HubViewModel.swift */; };
		49D8A2EA29FED8DB00DF5B8E /* HubViewModelType.swift in Sources */ = {isa = PBXBuildFile; fileRef = 49D8A2E929FED8DB00DF5B8E /* HubViewModelType.swift */; };
		49D9DA992A21B89D00E7C8A9 /* ErrorType.swift in Sources */ = {isa = PBXBuildFile; fileRef = 49D9DA982A21B89D00E7C8A9 /* ErrorType.swift */; };
		49D9DAB72A21B94900E7C8A9 /* ConsoleOutput.swift in Sources */ = {isa = PBXBuildFile; fileRef = 49D9DAB62A21B94900E7C8A9 /* ConsoleOutput.swift */; };
		49D9DAB92A21B99A00E7C8A9 /* NodeService.swift in Sources */ = {isa = PBXBuildFile; fileRef = 49D9DAB12A21B93C00E7C8A9 /* NodeService.swift */; };
		49D9DABA2A21B99A00E7C8A9 /* ArrayBuilder.swift in Sources */ = {isa = PBXBuildFile; fileRef = 49D9DAAD2A21B93C00E7C8A9 /* ArrayBuilder.swift */; };
		49D9DABB2A21B99A00E7C8A9 /* CalculateAstService.swift in Sources */ = {isa = PBXBuildFile; fileRef = 49D9DAB52A21B93C00E7C8A9 /* CalculateAstService.swift */; };
		49D9DABC2A21B99A00E7C8A9 /* FunctionBuilder.swift in Sources */ = {isa = PBXBuildFile; fileRef = 49D9DAAF2A21B93C00E7C8A9 /* FunctionBuilder.swift */; };
		49D9DABD2A21B99A00E7C8A9 /* InterpreterService.swift in Sources */ = {isa = PBXBuildFile; fileRef = 49D9DAB22A21B93C00E7C8A9 /* InterpreterService.swift */; };
		49D9DABE2A21B99A00E7C8A9 /* StringNormalizer.swift in Sources */ = {isa = PBXBuildFile; fileRef = 49D9DAB42A21B93C00E7C8A9 /* StringNormalizer.swift */; };
		49D9DABF2A21B99A00E7C8A9 /* TreeService.swift in Sources */ = {isa = PBXBuildFile; fileRef = 49D9DAB32A21B93C00E7C8A9 /* TreeService.swift */; };
		49D9DAC02A21B99A00E7C8A9 /* ExpressionSolverService.swift in Sources */ = {isa = PBXBuildFile; fileRef = 49D9DAAE2A21B93C00E7C8A9 /* ExpressionSolverService.swift */; };
		49D9DAC42A21C41600E7C8A9 /* Localizable.strings in Resources */ = {isa = PBXBuildFile; fileRef = 49D9DAC62A21C41600E7C8A9 /* Localizable.strings */; };
		49D9DACA2A21C44000E7C8A9 /* LocalizedStrings.swift in Sources */ = {isa = PBXBuildFile; fileRef = 49D9DAC92A21C44000E7C8A9 /* LocalizedStrings.swift */; };
		49D9DACC2A21C45300E7C8A9 /* Localizable.swift in Sources */ = {isa = PBXBuildFile; fileRef = 49D9DACB2A21C45300E7C8A9 /* Localizable.swift */; };
		49D9DAEE2A21EE8600E7C8A9 /* String+Extensions.swift in Sources */ = {isa = PBXBuildFile; fileRef = 49D9DAED2A21EE8600E7C8A9 /* String+Extensions.swift */; };
		49E30E2B2A03A78700BB869A /* BlocksSection.swift in Sources */ = {isa = PBXBuildFile; fileRef = 49E30E2A2A03A78700BB869A /* BlocksSection.swift */; };
		49E30E2D2A03A9F500BB869A /* VariableBlockType.swift in Sources */ = {isa = PBXBuildFile; fileRef = 49E30E2C2A03A9F500BB869A /* VariableBlockType.swift */; };
		49EA38252A26695B00E02F32 /* ReuseIdentifier.swift in Sources */ = {isa = PBXBuildFile; fileRef = 49EA38242A26695B00E02F32 /* ReuseIdentifier.swift */; };
		49EA38272A266DD100E02F32 /* CodeBlocksDataSource.swift in Sources */ = {isa = PBXBuildFile; fileRef = 49EA38262A266DD100E02F32 /* CodeBlocksDataSource.swift */; };
		49EA38292A26707800E02F32 /* WorkspaceDataSource.swift in Sources */ = {isa = PBXBuildFile; fileRef = 49EA38282A26707800E02F32 /* WorkspaceDataSource.swift */; };
		49EA38322A267F8200E02F32 /* workspace-demo2.png in Resources */ = {isa = PBXBuildFile; fileRef = 49EA38312A267F8200E02F32 /* workspace-demo2.png */; };
		49EA38342A267F9900E02F32 /* workspace-demo1.png in Resources */ = {isa = PBXBuildFile; fileRef = 49EA38332A267F9900E02F32 /* workspace-demo1.png */; };
		49F2B3B62A1A771A003817C0 /* UIView+Extensions.swift in Sources */ = {isa = PBXBuildFile; fileRef = 49F2B3B52A1A771A003817C0 /* UIView+Extensions.swift */; };
		5860313221A5CDD0534CFC0E /* Loop.swift in Sources */ = {isa = PBXBuildFile; fileRef = 5860385DC8E3125440F9BC09 /* Loop.swift */; };
		5860313E164A77C8DA2CF868 /* IBlock.swift in Sources */ = {isa = PBXBuildFile; fileRef = 5860332FDA63AB55FFB71FEB /* IBlock.swift */; };
		EBBC16255CF6FADB6C3D678F /* Pods_BlockInterpreter.framework in Frameworks */ = {isa = PBXBuildFile; fileRef = D5F39A6199C26D1859ABE8CE /* Pods_BlockInterpreter.framework */; };
/* End PBXBuildFile section */

/* Begin PBXFileReference section */
		012C3B7FBBA79B11BFD1040A /* Pods-BlockInterpreter.debug.xcconfig */ = {isa = PBXFileReference; includeInIndex = 1; lastKnownFileType = text.xcconfig; name = "Pods-BlockInterpreter.debug.xcconfig"; path = "Target Support Files/Pods-BlockInterpreter/Pods-BlockInterpreter.debug.xcconfig"; sourceTree = "<group>"; };
		490351B42A0D4B9A00B3693B /* InterpreterManager.swift */ = {isa = PBXFileReference; lastKnownFileType = sourcecode.swift; path = InterpreterManager.swift; sourceTree = "<group>"; };
		490668D92A13B24800CCE425 /* Returning.swift */ = {isa = PBXFileReference; fileEncoding = 4; lastKnownFileType = sourcecode.swift; path = Returning.swift; sourceTree = "<group>"; };
		490668DF2A13B24800CCE425 /* Function.swift */ = {isa = PBXFileReference; fileEncoding = 4; lastKnownFileType = sourcecode.swift; path = Function.swift; sourceTree = "<group>"; };
		4916722E2A135BA900457A80 /* FunctionBlockCell.swift */ = {isa = PBXFileReference; lastKnownFileType = sourcecode.swift; path = FunctionBlockCell.swift; sourceTree = "<group>"; };
		491672302A135BD700457A80 /* FunctionBlockCellViewModel.swift */ = {isa = PBXFileReference; lastKnownFileType = sourcecode.swift; path = FunctionBlockCellViewModel.swift; sourceTree = "<group>"; };
		491672342A13624B00457A80 /* BlockSeparatorLabel.swift */ = {isa = PBXFileReference; lastKnownFileType = sourcecode.swift; path = BlockSeparatorLabel.swift; sourceTree = "<group>"; };
		491672362A13649C00457A80 /* BlockTitleLabel.swift */ = {isa = PBXFileReference; lastKnownFileType = sourcecode.swift; path = BlockTitleLabel.swift; sourceTree = "<group>"; };
		492BA4162A0AB0430019EFBE /* BlockType.swift */ = {isa = PBXFileReference; lastKnownFileType = sourcecode.swift; path = BlockType.swift; sourceTree = "<group>"; };
		492BA4182A0AB83F0019EFBE /* BlockCellStyle.swift */ = {isa = PBXFileReference; lastKnownFileType = sourcecode.swift; path = BlockCellStyle.swift; sourceTree = "<group>"; };
		492E820B29FEFA2F000C909A /* UIColor+AppColors.swift */ = {isa = PBXFileReference; lastKnownFileType = sourcecode.swift; path = "UIColor+AppColors.swift"; sourceTree = "<group>"; };
		495128842A131760004717B5 /* SeparatorType.swift */ = {isa = PBXFileReference; lastKnownFileType = sourcecode.swift; path = SeparatorType.swift; sourceTree = "<group>"; };
		495147802A08CF8B00FD13AB /* BlockCell.swift */ = {isa = PBXFileReference; lastKnownFileType = sourcecode.swift; path = BlockCell.swift; sourceTree = "<group>"; };
		495147822A09386000FD13AB /* BlockCellViewModel.swift */ = {isa = PBXFileReference; lastKnownFileType = sourcecode.swift; path = BlockCellViewModel.swift; sourceTree = "<group>"; };
		4952B0B22A12303300F7FEFC /* ForLoopBlockCell.swift */ = {isa = PBXFileReference; lastKnownFileType = sourcecode.swift; path = ForLoopBlockCell.swift; sourceTree = "<group>"; };
		4952B0B42A12308E00F7FEFC /* ForLoopBlockCellViewModel.swift */ = {isa = PBXFileReference; lastKnownFileType = sourcecode.swift; path = ForLoopBlockCellViewModel.swift; sourceTree = "<group>"; };
		495B416829FCEFD300DEF375 /* BlockInterpreter.app */ = {isa = PBXFileReference; explicitFileType = wrapper.application; includeInIndex = 0; path = BlockInterpreter.app; sourceTree = BUILT_PRODUCTS_DIR; };
		495B416B29FCEFD300DEF375 /* AppDelegate.swift */ = {isa = PBXFileReference; lastKnownFileType = sourcecode.swift; path = AppDelegate.swift; sourceTree = "<group>"; };
		495B416D29FCEFD300DEF375 /* SceneDelegate.swift */ = {isa = PBXFileReference; lastKnownFileType = sourcecode.swift; path = SceneDelegate.swift; sourceTree = "<group>"; };
		495B417429FCEFD400DEF375 /* Assets.xcassets */ = {isa = PBXFileReference; lastKnownFileType = folder.assetcatalog; path = Assets.xcassets; sourceTree = "<group>"; };
		495B417729FCEFD400DEF375 /* Base */ = {isa = PBXFileReference; lastKnownFileType = file.storyboard; name = Base; path = Base.lproj/LaunchScreen.storyboard; sourceTree = "<group>"; };
		495B417929FCEFD400DEF375 /* Info.plist */ = {isa = PBXFileReference; lastKnownFileType = text.plist.xml; path = Info.plist; sourceTree = "<group>"; };
		495B9EB52A06781600A825E5 /* BlockTextField.swift */ = {isa = PBXFileReference; lastKnownFileType = sourcecode.swift; path = BlockTextField.swift; sourceTree = "<group>"; };
		495B9EB72A06A92100A825E5 /* UIFont+AppFonts.swift */ = {isa = PBXFileReference; lastKnownFileType = sourcecode.swift; path = "UIFont+AppFonts.swift"; sourceTree = "<group>"; };
		495EECD02A1A24EA00C90546 /* OptionsView.swift */ = {isa = PBXFileReference; lastKnownFileType = sourcecode.swift; path = OptionsView.swift; sourceTree = "<group>"; };
		495EECD32A1A277E00C90546 /* OptionsViewConfiguration.swift */ = {isa = PBXFileReference; lastKnownFileType = sourcecode.swift; path = OptionsViewConfiguration.swift; sourceTree = "<group>"; };
		496A95B42A0151F3007F1C17 /* CodeBlocksCoordinator.swift */ = {isa = PBXFileReference; lastKnownFileType = sourcecode.swift; path = CodeBlocksCoordinator.swift; sourceTree = "<group>"; };
		496A95B62A01529C007F1C17 /* WorkspaceCoordinator.swift */ = {isa = PBXFileReference; lastKnownFileType = sourcecode.swift; path = WorkspaceCoordinator.swift; sourceTree = "<group>"; };
		496A95B82A015320007F1C17 /* ConsoleCoordinator.swift */ = {isa = PBXFileReference; lastKnownFileType = sourcecode.swift; path = ConsoleCoordinator.swift; sourceTree = "<group>"; };
		498971BB2A002F0700448D4F /* TabFlow.swift */ = {isa = PBXFileReference; lastKnownFileType = sourcecode.swift; path = TabFlow.swift; sourceTree = "<group>"; };
		49917EC02A1F74D4006A3FF8 /* ArrayMethod.swift */ = {isa = PBXFileReference; lastKnownFileType = sourcecode.swift; path = ArrayMethod.swift; sourceTree = "<group>"; };
		49917EC72A1F7A2C006A3FF8 /* ArrayMethodBlockCell.swift */ = {isa = PBXFileReference; lastKnownFileType = sourcecode.swift; path = ArrayMethodBlockCell.swift; sourceTree = "<group>"; };
		49917EC92A1F7A3D006A3FF8 /* ArrayMethodBlockCellViewModel.swift */ = {isa = PBXFileReference; lastKnownFileType = sourcecode.swift; path = ArrayMethodBlockCellViewModel.swift; sourceTree = "<group>"; };
		49917ECE2A1FCEC8006A3FF8 /* VariableTypeButton.swift */ = {isa = PBXFileReference; lastKnownFileType = sourcecode.swift; path = VariableTypeButton.swift; sourceTree = "<group>"; };
		4997E0E82A0CA194000C35AD /* OutputBlockCell.swift */ = {isa = PBXFileReference; lastKnownFileType = sourcecode.swift; path = OutputBlockCell.swift; sourceTree = "<group>"; };
		4997E0EA2A0CA951000C35AD /* OutputBlockCellViewModel.swift */ = {isa = PBXFileReference; lastKnownFileType = sourcecode.swift; path = OutputBlockCellViewModel.swift; sourceTree = "<group>"; };
		49A08EBB2A20AF9F009B92CD /* AlgorithmRepositoryImpl.swift */ = {isa = PBXFileReference; lastKnownFileType = sourcecode.swift; path = AlgorithmRepositoryImpl.swift; sourceTree = "<group>"; };
		49A08EBE2A20E54D009B92CD /* AlgorithmRepository.swift */ = {isa = PBXFileReference; lastKnownFileType = sourcecode.swift; path = AlgorithmRepository.swift; sourceTree = "<group>"; };
		49A08EC22A20EB30009B92CD /* AlgorithmPreviewCellViewModel.swift */ = {isa = PBXFileReference; lastKnownFileType = sourcecode.swift; path = AlgorithmPreviewCellViewModel.swift; sourceTree = "<group>"; };
		49A08EC42A20EB43009B92CD /* AlgorithmPreviewCell.swift */ = {isa = PBXFileReference; lastKnownFileType = sourcecode.swift; path = AlgorithmPreviewCell.swift; sourceTree = "<group>"; };
		49A08EC62A20EB9F009B92CD /* AlgorithmPreviewLayout.swift */ = {isa = PBXFileReference; lastKnownFileType = sourcecode.swift; path = AlgorithmPreviewLayout.swift; sourceTree = "<group>"; };
		49A08ECA2A210179009B92CD /* Algorithm.swift */ = {isa = PBXFileReference; lastKnownFileType = sourcecode.swift; path = Algorithm.swift; sourceTree = "<group>"; };
		49A3465A2A058F8F003BC2B9 /* ConditionBlockCell.swift */ = {isa = PBXFileReference; lastKnownFileType = sourcecode.swift; path = ConditionBlockCell.swift; sourceTree = "<group>"; };
		49A3465C2A058FA9003BC2B9 /* ConditionBlockCellViewModel.swift */ = {isa = PBXFileReference; lastKnownFileType = sourcecode.swift; path = ConditionBlockCellViewModel.swift; sourceTree = "<group>"; };
		49A346622A0592FD003BC2B9 /* BlockHeaderView.swift */ = {isa = PBXFileReference; lastKnownFileType = sourcecode.swift; path = BlockHeaderView.swift; sourceTree = "<group>"; };
		49B67C4F2A0F9FC000B70F25 /* FlowBlockCell.swift */ = {isa = PBXFileReference; lastKnownFileType = sourcecode.swift; path = FlowBlockCell.swift; sourceTree = "<group>"; };
		49B67C512A0F9FCC00B70F25 /* FlowBlockCellViewModel.swift */ = {isa = PBXFileReference; lastKnownFileType = sourcecode.swift; path = FlowBlockCellViewModel.swift; sourceTree = "<group>"; };
		49B67C562A0FC77E00B70F25 /* FlowBlockStyle.swift */ = {isa = PBXFileReference; lastKnownFileType = sourcecode.swift; path = FlowBlockStyle.swift; sourceTree = "<group>"; };
		49B67C5D2A0FEF6B00B70F25 /* WhileLoopBlockCell.swift */ = {isa = PBXFileReference; lastKnownFileType = sourcecode.swift; path = WhileLoopBlockCell.swift; sourceTree = "<group>"; };
		49B67C5F2A0FF24B00B70F25 /* WhileLoopBlockCellViewModel.swift */ = {isa = PBXFileReference; lastKnownFileType = sourcecode.swift; path = WhileLoopBlockCellViewModel.swift; sourceTree = "<group>"; };
		49B67C642A0FFA4800B70F25 /* LabelTFBlockCell.swift */ = {isa = PBXFileReference; lastKnownFileType = sourcecode.swift; path = LabelTFBlockCell.swift; sourceTree = "<group>"; };
		49C661BF2A02DA4200439E2A /* VariableBlockCell.swift */ = {isa = PBXFileReference; lastKnownFileType = sourcecode.swift; path = VariableBlockCell.swift; sourceTree = "<group>"; };
		49C661C22A02DAA200439E2A /* VariableBlockCellViewModel.swift */ = {isa = PBXFileReference; lastKnownFileType = sourcecode.swift; path = VariableBlockCellViewModel.swift; sourceTree = "<group>"; };
		49C9AA762A21994A001198FD /* ReturningBlockCell.swift */ = {isa = PBXFileReference; lastKnownFileType = sourcecode.swift; path = ReturningBlockCell.swift; sourceTree = "<group>"; };
		49C9AA782A21995C001198FD /* ReturningBlockCellViewModel.swift */ = {isa = PBXFileReference; lastKnownFileType = sourcecode.swift; path = ReturningBlockCellViewModel.swift; sourceTree = "<group>"; };
		49D8A2B329FEB9B400DF5B8E /* AppCoordinator.swift */ = {isa = PBXFileReference; lastKnownFileType = sourcecode.swift; path = AppCoordinator.swift; sourceTree = "<group>"; };
		49D8A2B629FEB9C800DF5B8E /* BaseCoordinator.swift */ = {isa = PBXFileReference; lastKnownFileType = sourcecode.swift; path = BaseCoordinator.swift; sourceTree = "<group>"; };
		49D8A2B929FEB9DB00DF5B8E /* Coordinator.swift */ = {isa = PBXFileReference; lastKnownFileType = sourcecode.swift; path = Coordinator.swift; sourceTree = "<group>"; };
		49D8A2BC29FEBD1000DF5B8E /* MainTabBarViewController.swift */ = {isa = PBXFileReference; lastKnownFileType = sourcecode.swift; path = MainTabBarViewController.swift; sourceTree = "<group>"; };
		49D8A2BE29FEBD8C00DF5B8E /* MainTabBarCoordinator.swift */ = {isa = PBXFileReference; lastKnownFileType = sourcecode.swift; path = MainTabBarCoordinator.swift; sourceTree = "<group>"; };
		49D8A2C529FEBFC100DF5B8E /* CodeBlocksViewController.swift */ = {isa = PBXFileReference; lastKnownFileType = sourcecode.swift; path = CodeBlocksViewController.swift; sourceTree = "<group>"; };
		49D8A2C729FEC05A00DF5B8E /* WorkspaceViewController.swift */ = {isa = PBXFileReference; lastKnownFileType = sourcecode.swift; path = WorkspaceViewController.swift; sourceTree = "<group>"; };
		49D8A2C929FEC09100DF5B8E /* ConsoleViewController.swift */ = {isa = PBXFileReference; lastKnownFileType = sourcecode.swift; path = ConsoleViewController.swift; sourceTree = "<group>"; };
		49D8A2CD29FEC5C000DF5B8E /* CodeBlocksViewModel.swift */ = {isa = PBXFileReference; lastKnownFileType = sourcecode.swift; path = CodeBlocksViewModel.swift; sourceTree = "<group>"; };
		49D8A2CF29FEC5D100DF5B8E /* CodeBlocksViewModelType.swift */ = {isa = PBXFileReference; lastKnownFileType = sourcecode.swift; path = CodeBlocksViewModelType.swift; sourceTree = "<group>"; };
		49D8A2D629FEC6D500DF5B8E /* WorkspaceViewModel.swift */ = {isa = PBXFileReference; lastKnownFileType = sourcecode.swift; path = WorkspaceViewModel.swift; sourceTree = "<group>"; };
		49D8A2D829FEC6E000DF5B8E /* WorkspaceViewModelType.swift */ = {isa = PBXFileReference; lastKnownFileType = sourcecode.swift; path = WorkspaceViewModelType.swift; sourceTree = "<group>"; };
		49D8A2DA29FEC75700DF5B8E /* ConsoleViewModel.swift */ = {isa = PBXFileReference; lastKnownFileType = sourcecode.swift; path = ConsoleViewModel.swift; sourceTree = "<group>"; };
		49D8A2DC29FEC76100DF5B8E /* ConsoleViewModelType.swift */ = {isa = PBXFileReference; lastKnownFileType = sourcecode.swift; path = ConsoleViewModelType.swift; sourceTree = "<group>"; };
		49D8A2E229FED81900DF5B8E /* HubCoordinator.swift */ = {isa = PBXFileReference; lastKnownFileType = sourcecode.swift; path = HubCoordinator.swift; sourceTree = "<group>"; };
		49D8A2E429FED87C00DF5B8E /* HubViewController.swift */ = {isa = PBXFileReference; lastKnownFileType = sourcecode.swift; path = HubViewController.swift; sourceTree = "<group>"; };
		49D8A2E629FED8CB00DF5B8E /* HubViewModel.swift */ = {isa = PBXFileReference; lastKnownFileType = sourcecode.swift; path = HubViewModel.swift; sourceTree = "<group>"; };
		49D8A2E929FED8DB00DF5B8E /* HubViewModelType.swift */ = {isa = PBXFileReference; lastKnownFileType = sourcecode.swift; path = HubViewModelType.swift; sourceTree = "<group>"; };
		49D9DA982A21B89D00E7C8A9 /* ErrorType.swift */ = {isa = PBXFileReference; lastKnownFileType = sourcecode.swift; path = ErrorType.swift; sourceTree = "<group>"; };
		49D9DAAD2A21B93C00E7C8A9 /* ArrayBuilder.swift */ = {isa = PBXFileReference; lastKnownFileType = sourcecode.swift; path = ArrayBuilder.swift; sourceTree = "<group>"; };
		49D9DAAE2A21B93C00E7C8A9 /* ExpressionSolverService.swift */ = {isa = PBXFileReference; lastKnownFileType = sourcecode.swift; path = ExpressionSolverService.swift; sourceTree = "<group>"; };
		49D9DAAF2A21B93C00E7C8A9 /* FunctionBuilder.swift */ = {isa = PBXFileReference; lastKnownFileType = sourcecode.swift; path = FunctionBuilder.swift; sourceTree = "<group>"; };
		49D9DAB12A21B93C00E7C8A9 /* NodeService.swift */ = {isa = PBXFileReference; lastKnownFileType = sourcecode.swift; path = NodeService.swift; sourceTree = "<group>"; };
		49D9DAB22A21B93C00E7C8A9 /* InterpreterService.swift */ = {isa = PBXFileReference; lastKnownFileType = sourcecode.swift; path = InterpreterService.swift; sourceTree = "<group>"; };
		49D9DAB32A21B93C00E7C8A9 /* TreeService.swift */ = {isa = PBXFileReference; lastKnownFileType = sourcecode.swift; path = TreeService.swift; sourceTree = "<group>"; };
		49D9DAB42A21B93C00E7C8A9 /* StringNormalizer.swift */ = {isa = PBXFileReference; lastKnownFileType = sourcecode.swift; path = StringNormalizer.swift; sourceTree = "<group>"; };
		49D9DAB52A21B93C00E7C8A9 /* CalculateAstService.swift */ = {isa = PBXFileReference; lastKnownFileType = sourcecode.swift; path = CalculateAstService.swift; sourceTree = "<group>"; };
		49D9DAB62A21B94900E7C8A9 /* ConsoleOutput.swift */ = {isa = PBXFileReference; lastKnownFileType = sourcecode.swift; path = ConsoleOutput.swift; sourceTree = "<group>"; };
		49D9DAC12A21C3CD00E7C8A9 /* ru */ = {isa = PBXFileReference; lastKnownFileType = text.plist.strings; name = ru; path = ru.lproj/LaunchScreen.strings; sourceTree = "<group>"; };
		49D9DAC52A21C41600E7C8A9 /* en */ = {isa = PBXFileReference; lastKnownFileType = text.plist.strings; name = en; path = en.lproj/Localizable.strings; sourceTree = "<group>"; };
		49D9DAC72A21C41700E7C8A9 /* ru */ = {isa = PBXFileReference; lastKnownFileType = text.plist.strings; name = ru; path = ru.lproj/Localizable.strings; sourceTree = "<group>"; };
		49D9DAC92A21C44000E7C8A9 /* LocalizedStrings.swift */ = {isa = PBXFileReference; lastKnownFileType = sourcecode.swift; path = LocalizedStrings.swift; sourceTree = "<group>"; };
		49D9DACB2A21C45300E7C8A9 /* Localizable.swift */ = {isa = PBXFileReference; lastKnownFileType = sourcecode.swift; path = Localizable.swift; sourceTree = "<group>"; };
		49D9DAED2A21EE8600E7C8A9 /* String+Extensions.swift */ = {isa = PBXFileReference; lastKnownFileType = sourcecode.swift; path = "String+Extensions.swift"; sourceTree = "<group>"; };
		49E30E2A2A03A78700BB869A /* BlocksSection.swift */ = {isa = PBXFileReference; lastKnownFileType = sourcecode.swift; path = BlocksSection.swift; sourceTree = "<group>"; };
		49E30E2C2A03A9F500BB869A /* VariableBlockType.swift */ = {isa = PBXFileReference; lastKnownFileType = sourcecode.swift; path = VariableBlockType.swift; sourceTree = "<group>"; };
		49EA38242A26695B00E02F32 /* ReuseIdentifier.swift */ = {isa = PBXFileReference; lastKnownFileType = sourcecode.swift; path = ReuseIdentifier.swift; sourceTree = "<group>"; };
		49EA38262A266DD100E02F32 /* CodeBlocksDataSource.swift */ = {isa = PBXFileReference; lastKnownFileType = sourcecode.swift; path = CodeBlocksDataSource.swift; sourceTree = "<group>"; };
		49EA38282A26707800E02F32 /* WorkspaceDataSource.swift */ = {isa = PBXFileReference; lastKnownFileType = sourcecode.swift; path = WorkspaceDataSource.swift; sourceTree = "<group>"; };
		49EA382D2A267E6300E02F32 /* README.md */ = {isa = PBXFileReference; lastKnownFileType = net.daringfireball.markdown; path = README.md; sourceTree = "<group>"; };
		49EA38302A267EB200E02F32 /* workspace-demo3.png */ = {isa = PBXFileReference; lastKnownFileType = image.png; path = "workspace-demo3.png"; sourceTree = "<group>"; };
		49EA38312A267F8200E02F32 /* workspace-demo2.png */ = {isa = PBXFileReference; lastKnownFileType = image.png; name = "workspace-demo2.png"; path = "../../Downloads/p7ai0M-8TSq4somqVS-kxQ/workspace-demo2.png"; sourceTree = "<group>"; };
		49EA38332A267F9900E02F32 /* workspace-demo1.png */ = {isa = PBXFileReference; lastKnownFileType = image.png; name = "workspace-demo1.png"; path = "../../Downloads/H_cvCHjjRCiq-XAKPW4wBg/workspace-demo1.png"; sourceTree = "<group>"; };
		49F2B3B52A1A771A003817C0 /* UIView+Extensions.swift */ = {isa = PBXFileReference; lastKnownFileType = sourcecode.swift; path = "UIView+Extensions.swift"; sourceTree = "<group>"; };
		5860332FDA63AB55FFB71FEB /* IBlock.swift */ = {isa = PBXFileReference; fileEncoding = 4; lastKnownFileType = sourcecode.swift; path = IBlock.swift; sourceTree = "<group>"; };
		5860385DC8E3125440F9BC09 /* Loop.swift */ = {isa = PBXFileReference; fileEncoding = 4; lastKnownFileType = sourcecode.swift; path = Loop.swift; sourceTree = "<group>"; };
		84751A662A0639C6003096DA /* TokenAST.swift */ = {isa = PBXFileReference; lastKnownFileType = sourcecode.swift; path = TokenAST.swift; sourceTree = "<group>"; };
		84751A682A063A02003096DA /* Variable.swift */ = {isa = PBXFileReference; lastKnownFileType = sourcecode.swift; path = Variable.swift; sourceTree = "<group>"; };
		84751A782A08EAC4003096DA /* Condition.swift */ = {isa = PBXFileReference; lastKnownFileType = sourcecode.swift; path = Condition.swift; sourceTree = "<group>"; };
		84751A7D2A090EC0003096DA /* Output.swift */ = {isa = PBXFileReference; lastKnownFileType = sourcecode.swift; path = Output.swift; sourceTree = "<group>"; };
		84751A7F2A090FB2003096DA /* Flow.swift */ = {isa = PBXFileReference; lastKnownFileType = sourcecode.swift; path = Flow.swift; sourceTree = "<group>"; };
		C7DE8AEE618197EB591F20EE /* Pods-BlockInterpreter.release.xcconfig */ = {isa = PBXFileReference; includeInIndex = 1; lastKnownFileType = text.xcconfig; name = "Pods-BlockInterpreter.release.xcconfig"; path = "Target Support Files/Pods-BlockInterpreter/Pods-BlockInterpreter.release.xcconfig"; sourceTree = "<group>"; };
		D5F39A6199C26D1859ABE8CE /* Pods_BlockInterpreter.framework */ = {isa = PBXFileReference; explicitFileType = wrapper.framework; includeInIndex = 0; path = Pods_BlockInterpreter.framework; sourceTree = BUILT_PRODUCTS_DIR; };
/* End PBXFileReference section */

/* Begin PBXFrameworksBuildPhase section */
		495B416529FCEFD300DEF375 /* Frameworks */ = {
			isa = PBXFrameworksBuildPhase;
			buildActionMask = 2147483647;
			files = (
				EBBC16255CF6FADB6C3D678F /* Pods_BlockInterpreter.framework in Frameworks */,
			);
			runOnlyForDeploymentPostprocessing = 0;
		};
/* End PBXFrameworksBuildPhase section */

/* Begin PBXGroup section */
		1C482001D280CCB23BEEBDDC /* Frameworks */ = {
			isa = PBXGroup;
			children = (
				D5F39A6199C26D1859ABE8CE /* Pods_BlockInterpreter.framework */,
			);
			name = Frameworks;
			sourceTree = "<group>";
		};
		490351B32A0D4B7200B3693B /* Managers */ = {
			isa = PBXGroup;
			children = (
				490351B42A0D4B9A00B3693B /* InterpreterManager.swift */,
			);
			path = Managers;
			sourceTree = "<group>";
		};
		4916722B2A135B4000457A80 /* FunctionBlock */ = {
			isa = PBXGroup;
			children = (
				4916722D2A135B9700457A80 /* View */,
				4916722C2A135B8F00457A80 /* ViewModel */,
			);
			path = FunctionBlock;
			sourceTree = "<group>";
		};
		4916722C2A135B8F00457A80 /* ViewModel */ = {
			isa = PBXGroup;
			children = (
				491672302A135BD700457A80 /* FunctionBlockCellViewModel.swift */,
			);
			path = ViewModel;
			sourceTree = "<group>";
		};
		4916722D2A135B9700457A80 /* View */ = {
			isa = PBXGroup;
			children = (
				4916722E2A135BA900457A80 /* FunctionBlockCell.swift */,
			);
			path = View;
			sourceTree = "<group>";
		};
		491672322A1361DC00457A80 /* Labels */ = {
			isa = PBXGroup;
			children = (
				491672342A13624B00457A80 /* BlockSeparatorLabel.swift */,
				491672362A13649C00457A80 /* BlockTitleLabel.swift */,
			);
			path = Labels;
			sourceTree = "<group>";
		};
		492150212A0B22AF00DD171F /* Block */ = {
			isa = PBXGroup;
			children = (
				492150222A0B22CA00DD171F /* View */,
				492150232A0B22CE00DD171F /* ViewModel */,
			);
			path = Block;
			sourceTree = "<group>";
		};
		492150222A0B22CA00DD171F /* View */ = {
			isa = PBXGroup;
			children = (
				492150252A0B22E100DD171F /* Configurations */,
				495147802A08CF8B00FD13AB /* BlockCell.swift */,
			);
			path = View;
			sourceTree = "<group>";
		};
		492150232A0B22CE00DD171F /* ViewModel */ = {
			isa = PBXGroup;
			children = (
				495147822A09386000FD13AB /* BlockCellViewModel.swift */,
			);
			path = ViewModel;
			sourceTree = "<group>";
		};
		492150252A0B22E100DD171F /* Configurations */ = {
			isa = PBXGroup;
			children = (
				495128842A131760004717B5 /* SeparatorType.swift */,
				492BA4182A0AB83F0019EFBE /* BlockCellStyle.swift */,
			);
			path = Configurations;
			sourceTree = "<group>";
		};
		492150262A0B233100DD171F /* View */ = {
			isa = PBXGroup;
			children = (
				49C661BF2A02DA4200439E2A /* VariableBlockCell.swift */,
			);
			path = View;
			sourceTree = "<group>";
		};
		492150272A0B233400DD171F /* ViewModel */ = {
			isa = PBXGroup;
			children = (
				49C661C22A02DAA200439E2A /* VariableBlockCellViewModel.swift */,
			);
			path = ViewModel;
			sourceTree = "<group>";
		};
		492150282A0B234300DD171F /* View */ = {
			isa = PBXGroup;
			children = (
				49A3465A2A058F8F003BC2B9 /* ConditionBlockCell.swift */,
			);
			path = View;
			sourceTree = "<group>";
		};
		492150292A0B234600DD171F /* ViewModel */ = {
			isa = PBXGroup;
			children = (
				49A3465C2A058FA9003BC2B9 /* ConditionBlockCellViewModel.swift */,
			);
			path = ViewModel;
			sourceTree = "<group>";
		};
		493C8D482A0A9AA100753F20 /* ViewModel */ = {
			isa = PBXGroup;
			children = (
			);
			path = ViewModel;
			sourceTree = "<group>";
		};
		4951477F2A08CF4800FD13AB /* Blocks */ = {
			isa = PBXGroup;
			children = (
				49C9AA732A21991F001198FD /* ReturningBlock */,
				49917EC22A1F79DD006A3FF8 /* ArrayMethodBlock */,
				4916722B2A135B4000457A80 /* FunctionBlock */,
				49B67C612A0FF9F900B70F25 /* LabelTFBlock */,
				49B67C5A2A0FEF4900B70F25 /* LoopBlocks */,
				49B67C4E2A0F9F1100B70F25 /* FlowBlock */,
				4997E0E52A0CA171000C35AD /* OutputBlock */,
				492150212A0B22AF00DD171F /* Block */,
				49C661BD2A02D9AC00439E2A /* VariableBlock */,
				49A346592A058F69003BC2B9 /* ConditionBlock */,
			);
			path = Blocks;
			sourceTree = "<group>";
		};
		4952B0AE2A122F4700F7FEFC /* WhileLoopBlock */ = {
			isa = PBXGroup;
			children = (
				49B67C5B2A0FEF5200B70F25 /* View */,
				49B67C5C2A0FEF5600B70F25 /* ViewModel */,
			);
			path = WhileLoopBlock;
			sourceTree = "<group>";
		};
		4952B0AF2A122FE100F7FEFC /* ForLoopBlock */ = {
			isa = PBXGroup;
			children = (
				4952B0B02A12301A00F7FEFC /* View */,
				4952B0B12A12301D00F7FEFC /* ViewModel */,
			);
			path = ForLoopBlock;
			sourceTree = "<group>";
		};
		4952B0B02A12301A00F7FEFC /* View */ = {
			isa = PBXGroup;
			children = (
				4952B0B22A12303300F7FEFC /* ForLoopBlockCell.swift */,
			);
			path = View;
			sourceTree = "<group>";
		};
		4952B0B12A12301D00F7FEFC /* ViewModel */ = {
			isa = PBXGroup;
			children = (
				4952B0B42A12308E00F7FEFC /* ForLoopBlockCellViewModel.swift */,
			);
			path = ViewModel;
			sourceTree = "<group>";
		};
		495B415F29FCEFD300DEF375 = {
			isa = PBXGroup;
			children = (
				49EA382D2A267E6300E02F32 /* README.md */,
				49EA382A2A267C5F00E02F32 /* IMG */,
				495B416A29FCEFD300DEF375 /* BlockInterpreter */,
				495B416929FCEFD300DEF375 /* Products */,
				668EBE5A9857539E292171E1 /* Pods */,
				1C482001D280CCB23BEEBDDC /* Frameworks */,
			);
			sourceTree = "<group>";
		};
		495B416929FCEFD300DEF375 /* Products */ = {
			isa = PBXGroup;
			children = (
				495B416829FCEFD300DEF375 /* BlockInterpreter.app */,
			);
			name = Products;
			sourceTree = "<group>";
		};
		495B416A29FCEFD300DEF375 /* BlockInterpreter */ = {
			isa = PBXGroup;
			children = (
				49D9DAC82A21C42C00E7C8A9 /* Localization */,
				49A08EBA2A20A847009B92CD /* Data */,
				490351B32A0D4B7200B3693B /* Managers */,
				49D8A2F229FEDD3C00DF5B8E /* Extensions */,
				49D8A2B829FEB9CE00DF5B8E /* Protocols */,
				49D8A2B529FEB9BC00DF5B8E /* Base */,
				49C661B92A02D97A00439E2A /* Services */,
				49D8A2F329FEDD4600DF5B8E /* Views */,
				49D8A2F129FEDD3400DF5B8E /* Models */,
				49D8A2B229FEB9A400DF5B8E /* Scenes */,
				49D8A2B129FEB95D00DF5B8E /* Resources */,
				49D8A2B029FEB93B00DF5B8E /* Application */,
			);
			path = BlockInterpreter;
			sourceTree = "<group>";
		};
		495B9EB42A0677DC00A825E5 /* TextFields */ = {
			isa = PBXGroup;
			children = (
				495B9EB52A06781600A825E5 /* BlockTextField.swift */,
			);
			path = TextFields;
			sourceTree = "<group>";
		};
		49917EC22A1F79DD006A3FF8 /* ArrayMethodBlock */ = {
			isa = PBXGroup;
			children = (
				49917EC32A1F79EA006A3FF8 /* View */,
				49917EC42A1F79EF006A3FF8 /* ViewModel */,
			);
			path = ArrayMethodBlock;
			sourceTree = "<group>";
		};
		49917EC32A1F79EA006A3FF8 /* View */ = {
			isa = PBXGroup;
			children = (
				49917EC72A1F7A2C006A3FF8 /* ArrayMethodBlockCell.swift */,
			);
			path = View;
			sourceTree = "<group>";
		};
		49917EC42A1F79EF006A3FF8 /* ViewModel */ = {
			isa = PBXGroup;
			children = (
				49917EC92A1F7A3D006A3FF8 /* ArrayMethodBlockCellViewModel.swift */,
			);
			path = ViewModel;
			sourceTree = "<group>";
		};
		49917ECC2A1FCE99006A3FF8 /* Buttons */ = {
			isa = PBXGroup;
			children = (
				49917ECE2A1FCEC8006A3FF8 /* VariableTypeButton.swift */,
			);
			path = Buttons;
			sourceTree = "<group>";
		};
		49969FFC2A05598C00F86EFE /* BlockTypes */ = {
			isa = PBXGroup;
			children = (
				49E30E2C2A03A9F500BB869A /* VariableBlockType.swift */,
				492BA4162A0AB0430019EFBE /* BlockType.swift */,
			);
			path = BlockTypes;
			sourceTree = "<group>";
		};
		4997E0E52A0CA171000C35AD /* OutputBlock */ = {
			isa = PBXGroup;
			children = (
				4997E0E62A0CA17D000C35AD /* View */,
				4997E0E72A0CA181000C35AD /* ViewModel */,
			);
			path = OutputBlock;
			sourceTree = "<group>";
		};
		4997E0E62A0CA17D000C35AD /* View */ = {
			isa = PBXGroup;
			children = (
				4997E0E82A0CA194000C35AD /* OutputBlockCell.swift */,
			);
			path = View;
			sourceTree = "<group>";
		};
		4997E0E72A0CA181000C35AD /* ViewModel */ = {
			isa = PBXGroup;
			children = (
				4997E0EA2A0CA951000C35AD /* OutputBlockCellViewModel.swift */,
			);
			path = ViewModel;
			sourceTree = "<group>";
		};
		49A08EBA2A20A847009B92CD /* Data */ = {
			isa = PBXGroup;
			children = (
				49A08EBD2A20E537009B92CD /* AlgorithmRepository */,
			);
			path = Data;
			sourceTree = "<group>";
		};
		49A08EBD2A20E537009B92CD /* AlgorithmRepository */ = {
			isa = PBXGroup;
			children = (
				49A08EBB2A20AF9F009B92CD /* AlgorithmRepositoryImpl.swift */,
				49A08EBE2A20E54D009B92CD /* AlgorithmRepository.swift */,
			);
			path = AlgorithmRepository;
			sourceTree = "<group>";
		};
		49A08EC02A20E999009B92CD /* CollectionViewCells */ = {
			isa = PBXGroup;
			children = (
				49A08EC12A20E9A2009B92CD /* FilePreview */,
			);
			path = CollectionViewCells;
			sourceTree = "<group>";
		};
		49A08EC12A20E9A2009B92CD /* FilePreview */ = {
			isa = PBXGroup;
			children = (
				49A08EC82A20EF20009B92CD /* View */,
				49A08EC92A20EF23009B92CD /* ViewModel */,
			);
			path = FilePreview;
			sourceTree = "<group>";
		};
		49A08EC82A20EF20009B92CD /* View */ = {
			isa = PBXGroup;
			children = (
				49A08EC62A20EB9F009B92CD /* AlgorithmPreviewLayout.swift */,
				49A08EC42A20EB43009B92CD /* AlgorithmPreviewCell.swift */,
			);
			path = View;
			sourceTree = "<group>";
		};
		49A08EC92A20EF23009B92CD /* ViewModel */ = {
			isa = PBXGroup;
			children = (
				49A08EC22A20EB30009B92CD /* AlgorithmPreviewCellViewModel.swift */,
			);
			path = ViewModel;
			sourceTree = "<group>";
		};
		49A346592A058F69003BC2B9 /* ConditionBlock */ = {
			isa = PBXGroup;
			children = (
				492150282A0B234300DD171F /* View */,
				492150292A0B234600DD171F /* ViewModel */,
			);
			path = ConditionBlock;
			sourceTree = "<group>";
		};
		49A3465E2A059153003BC2B9 /* CustomViews */ = {
			isa = PBXGroup;
			children = (
				49F2B3B42A1A557A003817C0 /* OptionsView */,
				49A346622A0592FD003BC2B9 /* BlockHeaderView.swift */,
			);
			path = CustomViews;
			sourceTree = "<group>";
		};
		49A3465F2A0591B6003BC2B9 /* Configurations */ = {
			isa = PBXGroup;
			children = (
				498971BB2A002F0700448D4F /* TabFlow.swift */,
			);
			path = Configurations;
			sourceTree = "<group>";
		};
		49A346602A0591C0003BC2B9 /* Configurations */ = {
			isa = PBXGroup;
			children = (
				49E30E2A2A03A78700BB869A /* BlocksSection.swift */,
			);
			path = Configurations;
			sourceTree = "<group>";
		};
		49B67C4E2A0F9F1100B70F25 /* FlowBlock */ = {
			isa = PBXGroup;
			children = (
				49B67C532A0F9FE000B70F25 /* View */,
				49B67C542A0F9FE400B70F25 /* ViewModel */,
			);
			path = FlowBlock;
			sourceTree = "<group>";
		};
		49B67C532A0F9FE000B70F25 /* View */ = {
			isa = PBXGroup;
			children = (
				49B67C552A0FC75900B70F25 /* Configurations */,
				49B67C4F2A0F9FC000B70F25 /* FlowBlockCell.swift */,
			);
			path = View;
			sourceTree = "<group>";
		};
		49B67C542A0F9FE400B70F25 /* ViewModel */ = {
			isa = PBXGroup;
			children = (
				49B67C512A0F9FCC00B70F25 /* FlowBlockCellViewModel.swift */,
			);
			path = ViewModel;
			sourceTree = "<group>";
		};
		49B67C552A0FC75900B70F25 /* Configurations */ = {
			isa = PBXGroup;
			children = (
				49B67C562A0FC77E00B70F25 /* FlowBlockStyle.swift */,
			);
			path = Configurations;
			sourceTree = "<group>";
		};
		49B67C5A2A0FEF4900B70F25 /* LoopBlocks */ = {
			isa = PBXGroup;
			children = (
				4952B0AF2A122FE100F7FEFC /* ForLoopBlock */,
				4952B0AE2A122F4700F7FEFC /* WhileLoopBlock */,
			);
			path = LoopBlocks;
			sourceTree = "<group>";
		};
		49B67C5B2A0FEF5200B70F25 /* View */ = {
			isa = PBXGroup;
			children = (
				49B67C5D2A0FEF6B00B70F25 /* WhileLoopBlockCell.swift */,
			);
			path = View;
			sourceTree = "<group>";
		};
		49B67C5C2A0FEF5600B70F25 /* ViewModel */ = {
			isa = PBXGroup;
			children = (
				49B67C5F2A0FF24B00B70F25 /* WhileLoopBlockCellViewModel.swift */,
			);
			path = ViewModel;
			sourceTree = "<group>";
		};
		49B67C612A0FF9F900B70F25 /* LabelTFBlock */ = {
			isa = PBXGroup;
			children = (
				49B67C642A0FFA4800B70F25 /* LabelTFBlockCell.swift */,
			);
			path = LabelTFBlock;
			sourceTree = "<group>";
		};
		49C661B92A02D97A00439E2A /* Services */ = {
			isa = PBXGroup;
			children = (
				49D9DAAD2A21B93C00E7C8A9 /* ArrayBuilder.swift */,
				49D9DAB52A21B93C00E7C8A9 /* CalculateAstService.swift */,
				49D9DAAE2A21B93C00E7C8A9 /* ExpressionSolverService.swift */,
				49D9DAAF2A21B93C00E7C8A9 /* FunctionBuilder.swift */,
				49D9DAB22A21B93C00E7C8A9 /* InterpreterService.swift */,
				49D9DAB12A21B93C00E7C8A9 /* NodeService.swift */,
				49D9DAB42A21B93C00E7C8A9 /* StringNormalizer.swift */,
				49D9DAB32A21B93C00E7C8A9 /* TreeService.swift */,
			);
			path = Services;
			sourceTree = "<group>";
		};
		49C661BC2A02D9A600439E2A /* TableViewCells */ = {
			isa = PBXGroup;
			children = (
				4951477F2A08CF4800FD13AB /* Blocks */,
			);
			path = TableViewCells;
			sourceTree = "<group>";
		};
		49C661BD2A02D9AC00439E2A /* VariableBlock */ = {
			isa = PBXGroup;
			children = (
				492150262A0B233100DD171F /* View */,
				492150272A0B233400DD171F /* ViewModel */,
			);
			path = VariableBlock;
			sourceTree = "<group>";
		};
		49C9AA732A21991F001198FD /* ReturningBlock */ = {
			isa = PBXGroup;
			children = (
				49C9AA742A219928001198FD /* View */,
				49C9AA752A21992B001198FD /* ViewModel */,
			);
			path = ReturningBlock;
			sourceTree = "<group>";
		};
		49C9AA742A219928001198FD /* View */ = {
			isa = PBXGroup;
			children = (
				49C9AA762A21994A001198FD /* ReturningBlockCell.swift */,
			);
			path = View;
			sourceTree = "<group>";
		};
		49C9AA752A21992B001198FD /* ViewModel */ = {
			isa = PBXGroup;
			children = (
				49C9AA782A21995C001198FD /* ReturningBlockCellViewModel.swift */,
			);
			path = ViewModel;
			sourceTree = "<group>";
		};
		49D8A2B029FEB93B00DF5B8E /* Application */ = {
			isa = PBXGroup;
			children = (
				495B416D29FCEFD300DEF375 /* SceneDelegate.swift */,
				495B416B29FCEFD300DEF375 /* AppDelegate.swift */,
			);
			path = Application;
			sourceTree = "<group>";
		};
		49D8A2B129FEB95D00DF5B8E /* Resources */ = {
			isa = PBXGroup;
			children = (
				495B417929FCEFD400DEF375 /* Info.plist */,
				495B417629FCEFD400DEF375 /* LaunchScreen.storyboard */,
				495B417429FCEFD400DEF375 /* Assets.xcassets */,
				49D9DAC62A21C41600E7C8A9 /* Localizable.strings */,
			);
			path = Resources;
			sourceTree = "<group>";
		};
		49D8A2B229FEB9A400DF5B8E /* Scenes */ = {
			isa = PBXGroup;
			children = (
				49D8A2B329FEB9B400DF5B8E /* AppCoordinator.swift */,
				49D8A2BB29FEBD0200DF5B8E /* TabBar */,
				49D8A2C329FEBF3900DF5B8E /* CodeBlocks */,
				49D8A2C229FEBF2C00DF5B8E /* Workspace */,
				49D8A2DF29FED06200DF5B8E /* Hub */,
				49D8A2C429FEBF8800DF5B8E /* Console */,
			);
			path = Scenes;
			sourceTree = "<group>";
		};
		49D8A2B529FEB9BC00DF5B8E /* Base */ = {
			isa = PBXGroup;
			children = (
				49D8A2B629FEB9C800DF5B8E /* BaseCoordinator.swift */,
			);
			path = Base;
			sourceTree = "<group>";
		};
		49D8A2B829FEB9CE00DF5B8E /* Protocols */ = {
			isa = PBXGroup;
			children = (
				49D8A2B929FEB9DB00DF5B8E /* Coordinator.swift */,
				49EA38242A26695B00E02F32 /* ReuseIdentifier.swift */,
			);
			path = Protocols;
			sourceTree = "<group>";
		};
		49D8A2BB29FEBD0200DF5B8E /* TabBar */ = {
			isa = PBXGroup;
			children = (
				49D8A2ED29FED9FA00DF5B8E /* View */,
				493C8D482A0A9AA100753F20 /* ViewModel */,
				49D8A2BE29FEBD8C00DF5B8E /* MainTabBarCoordinator.swift */,
			);
			path = TabBar;
			sourceTree = "<group>";
		};
		49D8A2C229FEBF2C00DF5B8E /* Workspace */ = {
			isa = PBXGroup;
			children = (
				49D8A2D129FEC6B100DF5B8E /* View */,
				49D8A2D329FEC6BF00DF5B8E /* ViewModel */,
				496A95B62A01529C007F1C17 /* WorkspaceCoordinator.swift */,
				49EA38282A26707800E02F32 /* WorkspaceDataSource.swift */,
			);
			path = Workspace;
			sourceTree = "<group>";
		};
		49D8A2C329FEBF3900DF5B8E /* CodeBlocks */ = {
			isa = PBXGroup;
			children = (
				49D8A2CB29FEC4E300DF5B8E /* View */,
				49D8A2CC29FEC4EA00DF5B8E /* ViewModel */,
				496A95B42A0151F3007F1C17 /* CodeBlocksCoordinator.swift */,
				49EA38262A266DD100E02F32 /* CodeBlocksDataSource.swift */,
			);
			path = CodeBlocks;
			sourceTree = "<group>";
		};
		49D8A2C429FEBF8800DF5B8E /* Console */ = {
			isa = PBXGroup;
			children = (
				49D8A2D429FEC6C300DF5B8E /* View */,
				49D8A2D529FEC6C600DF5B8E /* ViewModel */,
				496A95B82A015320007F1C17 /* ConsoleCoordinator.swift */,
			);
			path = Console;
			sourceTree = "<group>";
		};
		49D8A2CB29FEC4E300DF5B8E /* View */ = {
			isa = PBXGroup;
			children = (
				49A346602A0591C0003BC2B9 /* Configurations */,
				49D8A2C529FEBFC100DF5B8E /* CodeBlocksViewController.swift */,
			);
			path = View;
			sourceTree = "<group>";
		};
		49D8A2CC29FEC4EA00DF5B8E /* ViewModel */ = {
			isa = PBXGroup;
			children = (
				49D8A2CD29FEC5C000DF5B8E /* CodeBlocksViewModel.swift */,
				49D8A2CF29FEC5D100DF5B8E /* CodeBlocksViewModelType.swift */,
			);
			path = ViewModel;
			sourceTree = "<group>";
		};
		49D8A2D129FEC6B100DF5B8E /* View */ = {
			isa = PBXGroup;
			children = (
				49D8A2C729FEC05A00DF5B8E /* WorkspaceViewController.swift */,
			);
			path = View;
			sourceTree = "<group>";
		};
		49D8A2D329FEC6BF00DF5B8E /* ViewModel */ = {
			isa = PBXGroup;
			children = (
				49D8A2D629FEC6D500DF5B8E /* WorkspaceViewModel.swift */,
				49D8A2D829FEC6E000DF5B8E /* WorkspaceViewModelType.swift */,
			);
			path = ViewModel;
			sourceTree = "<group>";
		};
		49D8A2D429FEC6C300DF5B8E /* View */ = {
			isa = PBXGroup;
			children = (
				49D8A2C929FEC09100DF5B8E /* ConsoleViewController.swift */,
			);
			path = View;
			sourceTree = "<group>";
		};
		49D8A2D529FEC6C600DF5B8E /* ViewModel */ = {
			isa = PBXGroup;
			children = (
				49D8A2DA29FEC75700DF5B8E /* ConsoleViewModel.swift */,
				49D8A2DC29FEC76100DF5B8E /* ConsoleViewModelType.swift */,
			);
			path = ViewModel;
			sourceTree = "<group>";
		};
		49D8A2DF29FED06200DF5B8E /* Hub */ = {
			isa = PBXGroup;
			children = (
				49D8A2E029FED80200DF5B8E /* View */,
				49D8A2E129FED80600DF5B8E /* ViewModel */,
				49D8A2E229FED81900DF5B8E /* HubCoordinator.swift */,
			);
			path = Hub;
			sourceTree = "<group>";
		};
		49D8A2E029FED80200DF5B8E /* View */ = {
			isa = PBXGroup;
			children = (
				49D8A2E429FED87C00DF5B8E /* HubViewController.swift */,
			);
			path = View;
			sourceTree = "<group>";
		};
		49D8A2E129FED80600DF5B8E /* ViewModel */ = {
			isa = PBXGroup;
			children = (
				49D8A2E629FED8CB00DF5B8E /* HubViewModel.swift */,
				49D8A2E929FED8DB00DF5B8E /* HubViewModelType.swift */,
			);
			path = ViewModel;
			sourceTree = "<group>";
		};
		49D8A2ED29FED9FA00DF5B8E /* View */ = {
			isa = PBXGroup;
			children = (
				49A3465F2A0591B6003BC2B9 /* Configurations */,
				49D8A2BC29FEBD1000DF5B8E /* MainTabBarViewController.swift */,
			);
			path = View;
			sourceTree = "<group>";
		};
		49D8A2F129FEDD3400DF5B8E /* Models */ = {
			isa = PBXGroup;
			children = (
				49D9DAB62A21B94900E7C8A9 /* ConsoleOutput.swift */,
				49D9DA982A21B89D00E7C8A9 /* ErrorType.swift */,
				49969FFC2A05598C00F86EFE /* BlockTypes */,
				490668D92A13B24800CCE425 /* Returning.swift */,
				490668DF2A13B24800CCE425 /* Function.swift */,
				84751A662A0639C6003096DA /* TokenAST.swift */,
				84751A682A063A02003096DA /* Variable.swift */,
				84751A782A08EAC4003096DA /* Condition.swift */,
				84751A7D2A090EC0003096DA /* Output.swift */,
				84751A7F2A090FB2003096DA /* Flow.swift */,
				5860385DC8E3125440F9BC09 /* Loop.swift */,
				5860332FDA63AB55FFB71FEB /* IBlock.swift */,
				49917EC02A1F74D4006A3FF8 /* ArrayMethod.swift */,
				49A08ECA2A210179009B92CD /* Algorithm.swift */,
			);
			path = Models;
			sourceTree = "<group>";
		};
		49D8A2F229FEDD3C00DF5B8E /* Extensions */ = {
			isa = PBXGroup;
			children = (
				492E820B29FEFA2F000C909A /* UIColor+AppColors.swift */,
				495B9EB72A06A92100A825E5 /* UIFont+AppFonts.swift */,
				49F2B3B52A1A771A003817C0 /* UIView+Extensions.swift */,
				49D9DAED2A21EE8600E7C8A9 /* String+Extensions.swift */,
			);
			path = Extensions;
			sourceTree = "<group>";
		};
		49D8A2F329FEDD4600DF5B8E /* Views */ = {
			isa = PBXGroup;
			children = (
				49A08EC02A20E999009B92CD /* CollectionViewCells */,
				49917ECC2A1FCE99006A3FF8 /* Buttons */,
				491672322A1361DC00457A80 /* Labels */,
				495B9EB42A0677DC00A825E5 /* TextFields */,
				49A3465E2A059153003BC2B9 /* CustomViews */,
				49C661BC2A02D9A600439E2A /* TableViewCells */,
			);
			path = Views;
			sourceTree = "<group>";
		};
		49D9DAC82A21C42C00E7C8A9 /* Localization */ = {
			isa = PBXGroup;
			children = (
				49D9DAC92A21C44000E7C8A9 /* LocalizedStrings.swift */,
				49D9DACB2A21C45300E7C8A9 /* Localizable.swift */,
			);
			path = Localization;
			sourceTree = "<group>";
		};
		49EA382A2A267C5F00E02F32 /* IMG */ = {
			isa = PBXGroup;
			children = (
				49EA38302A267EB200E02F32 /* workspace-demo3.png */,
				49EA38312A267F8200E02F32 /* workspace-demo2.png */,
				49EA38332A267F9900E02F32 /* workspace-demo1.png */,
			);
			path = IMG;
			sourceTree = "<group>";
		};
		49F2B3B42A1A557A003817C0 /* OptionsView */ = {
			isa = PBXGroup;
			children = (
				495EECD02A1A24EA00C90546 /* OptionsView.swift */,
				495EECD32A1A277E00C90546 /* OptionsViewConfiguration.swift */,
			);
			path = OptionsView;
			sourceTree = "<group>";
		};
		668EBE5A9857539E292171E1 /* Pods */ = {
			isa = PBXGroup;
			children = (
				012C3B7FBBA79B11BFD1040A /* Pods-BlockInterpreter.debug.xcconfig */,
				C7DE8AEE618197EB591F20EE /* Pods-BlockInterpreter.release.xcconfig */,
			);
			path = Pods;
			sourceTree = "<group>";
		};
/* End PBXGroup section */

/* Begin PBXNativeTarget section */
		495B416729FCEFD300DEF375 /* BlockInterpreter */ = {
			isa = PBXNativeTarget;
			buildConfigurationList = 495B417C29FCEFD400DEF375 /* Build configuration list for PBXNativeTarget "BlockInterpreter" */;
			buildPhases = (
				EB40803D92FC9C8051BE8832 /* [CP] Check Pods Manifest.lock */,
				495B416429FCEFD300DEF375 /* Sources */,
				495B416529FCEFD300DEF375 /* Frameworks */,
				495B416629FCEFD300DEF375 /* Resources */,
				E888C12E8EBD9F61677C93F7 /* [CP] Embed Pods Frameworks */,
			);
			buildRules = (
			);
			dependencies = (
			);
			name = BlockInterpreter;
			productName = BlockInterpreter;
			productReference = 495B416829FCEFD300DEF375 /* BlockInterpreter.app */;
			productType = "com.apple.product-type.application";
		};
/* End PBXNativeTarget section */

/* Begin PBXProject section */
		495B416029FCEFD300DEF375 /* Project object */ = {
			isa = PBXProject;
			attributes = {
				BuildIndependentTargetsInParallel = 1;
				LastSwiftUpdateCheck = 1430;
				LastUpgradeCheck = 1430;
				TargetAttributes = {
					495B416729FCEFD300DEF375 = {
						CreatedOnToolsVersion = 14.3;
					};
				};
			};
			buildConfigurationList = 495B416329FCEFD300DEF375 /* Build configuration list for PBXProject "BlockInterpreter" */;
			compatibilityVersion = "Xcode 14.0";
			developmentRegion = en;
			hasScannedForEncodings = 0;
			knownRegions = (
				en,
				Base,
				ru,
			);
			mainGroup = 495B415F29FCEFD300DEF375;
			productRefGroup = 495B416929FCEFD300DEF375 /* Products */;
			projectDirPath = "";
			projectRoot = "";
			targets = (
				495B416729FCEFD300DEF375 /* BlockInterpreter */,
			);
		};
/* End PBXProject section */

/* Begin PBXResourcesBuildPhase section */
		495B416629FCEFD300DEF375 /* Resources */ = {
			isa = PBXResourcesBuildPhase;
			buildActionMask = 2147483647;
			files = (
				495B417829FCEFD400DEF375 /* LaunchScreen.storyboard in Resources */,
				49EA38322A267F8200E02F32 /* workspace-demo2.png in Resources */,
				49EA38342A267F9900E02F32 /* workspace-demo1.png in Resources */,
				49D9DAC42A21C41600E7C8A9 /* Localizable.strings in Resources */,
				495B417529FCEFD400DEF375 /* Assets.xcassets in Resources */,
			);
			runOnlyForDeploymentPostprocessing = 0;
		};
/* End PBXResourcesBuildPhase section */

/* Begin PBXShellScriptBuildPhase section */
		E888C12E8EBD9F61677C93F7 /* [CP] Embed Pods Frameworks */ = {
			isa = PBXShellScriptBuildPhase;
			buildActionMask = 2147483647;
			files = (
			);
			inputFileListPaths = (
				"${PODS_ROOT}/Target Support Files/Pods-BlockInterpreter/Pods-BlockInterpreter-frameworks-${CONFIGURATION}-input-files.xcfilelist",
			);
			name = "[CP] Embed Pods Frameworks";
			outputFileListPaths = (
				"${PODS_ROOT}/Target Support Files/Pods-BlockInterpreter/Pods-BlockInterpreter-frameworks-${CONFIGURATION}-output-files.xcfilelist",
			);
			runOnlyForDeploymentPostprocessing = 0;
			shellPath = /bin/sh;
			shellScript = "\"${PODS_ROOT}/Target Support Files/Pods-BlockInterpreter/Pods-BlockInterpreter-frameworks.sh\"\n";
			showEnvVarsInLog = 0;
		};
		EB40803D92FC9C8051BE8832 /* [CP] Check Pods Manifest.lock */ = {
			isa = PBXShellScriptBuildPhase;
			buildActionMask = 2147483647;
			files = (
			);
			inputFileListPaths = (
			);
			inputPaths = (
				"${PODS_PODFILE_DIR_PATH}/Podfile.lock",
				"${PODS_ROOT}/Manifest.lock",
			);
			name = "[CP] Check Pods Manifest.lock";
			outputFileListPaths = (
			);
			outputPaths = (
				"$(DERIVED_FILE_DIR)/Pods-BlockInterpreter-checkManifestLockResult.txt",
			);
			runOnlyForDeploymentPostprocessing = 0;
			shellPath = /bin/sh;
			shellScript = "diff \"${PODS_PODFILE_DIR_PATH}/Podfile.lock\" \"${PODS_ROOT}/Manifest.lock\" > /dev/null\nif [ $? != 0 ] ; then\n    # print error to STDERR\n    echo \"error: The sandbox is not in sync with the Podfile.lock. Run 'pod install' or update your CocoaPods installation.\" >&2\n    exit 1\nfi\n# This output is used by Xcode 'outputs' to avoid re-running this script phase.\necho \"SUCCESS\" > \"${SCRIPT_OUTPUT_FILE_0}\"\n";
			showEnvVarsInLog = 0;
		};
/* End PBXShellScriptBuildPhase section */

/* Begin PBXSourcesBuildPhase section */
		495B416429FCEFD300DEF375 /* Sources */ = {
			isa = PBXSourcesBuildPhase;
			buildActionMask = 2147483647;
			files = (
				49D9DACC2A21C45300E7C8A9 /* Localizable.swift in Sources */,
				49D9DAEE2A21EE8600E7C8A9 /* String+Extensions.swift in Sources */,
				49A08EC52A20EB43009B92CD /* AlgorithmPreviewCell.swift in Sources */,
				492560E12A13B4180040BE51 /* Returning.swift in Sources */,
				495EECD12A1A24EA00C90546 /* OptionsView.swift in Sources */,
				49C9AA772A21994A001198FD /* ReturningBlockCell.swift in Sources */,
				49B67C652A0FFA4800B70F25 /* LabelTFBlockCell.swift in Sources */,
				49EA38252A26695B00E02F32 /* ReuseIdentifier.swift in Sources */,
				49D8A2DB29FEC75700DF5B8E /* ConsoleViewModel.swift in Sources */,
				49917ECA2A1F7A3D006A3FF8 /* ArrayMethodBlockCellViewModel.swift in Sources */,
				49B67C502A0F9FC000B70F25 /* FlowBlockCell.swift in Sources */,
				49E30E2B2A03A78700BB869A /* BlocksSection.swift in Sources */,
				49D8A2D929FEC6E000DF5B8E /* WorkspaceViewModelType.swift in Sources */,
				495B9EB82A06A92100A825E5 /* UIFont+AppFonts.swift in Sources */,
				49D8A2C629FEBFC100DF5B8E /* CodeBlocksViewController.swift in Sources */,
				49A08ECB2A210179009B92CD /* Algorithm.swift in Sources */,
				49D9DABF2A21B99A00E7C8A9 /* TreeService.swift in Sources */,
				492BA4192A0AB83F0019EFBE /* BlockCellStyle.swift in Sources */,
				49D9DABE2A21B99A00E7C8A9 /* StringNormalizer.swift in Sources */,
				495147812A08CF8B00FD13AB /* BlockCell.swift in Sources */,
				49A08EBC2A20AF9F009B92CD /* AlgorithmRepositoryImpl.swift in Sources */,
				49D9DABC2A21B99A00E7C8A9 /* FunctionBuilder.swift in Sources */,
				495EECD42A1A277E00C90546 /* OptionsViewConfiguration.swift in Sources */,
				49A3465D2A058FA9003BC2B9 /* ConditionBlockCellViewModel.swift in Sources */,
				49C661C32A02DAA200439E2A /* VariableBlockCellViewModel.swift in Sources */,
				490351AF2A0D448900B3693B /* Variable.swift in Sources */,
				49A08EC32A20EB30009B92CD /* AlgorithmPreviewCellViewModel.swift in Sources */,
				49D8A2B429FEB9B400DF5B8E /* AppCoordinator.swift in Sources */,
				496A95B52A0151F3007F1C17 /* CodeBlocksCoordinator.swift in Sources */,
				49D9DABD2A21B99A00E7C8A9 /* InterpreterService.swift in Sources */,
				49B67C572A0FC77E00B70F25 /* FlowBlockStyle.swift in Sources */,
				4916722F2A135BA900457A80 /* FunctionBlockCell.swift in Sources */,
				491672372A13649C00457A80 /* BlockTitleLabel.swift in Sources */,
				4952B0B52A12308E00F7FEFC /* ForLoopBlockCellViewModel.swift in Sources */,
				49D8A2D729FEC6D500DF5B8E /* WorkspaceViewModel.swift in Sources */,
				491672352A13624B00457A80 /* BlockSeparatorLabel.swift in Sources */,
				492E820C29FEFA2F000C909A /* UIColor+AppColors.swift in Sources */,
				491672312A135BD700457A80 /* FunctionBlockCellViewModel.swift in Sources */,
				496A95B92A015320007F1C17 /* ConsoleCoordinator.swift in Sources */,
				49C661C02A02DA4200439E2A /* VariableBlockCell.swift in Sources */,
				49D8A2E529FED87C00DF5B8E /* HubViewController.swift in Sources */,
				49D9DAB72A21B94900E7C8A9 /* ConsoleOutput.swift in Sources */,
				49917EC12A1F74D4006A3FF8 /* ArrayMethod.swift in Sources */,
				49D9DA992A21B89D00E7C8A9 /* ErrorType.swift in Sources */,
				492BA4172A0AB0430019EFBE /* BlockType.swift in Sources */,
				4997E0E92A0CA194000C35AD /* OutputBlockCell.swift in Sources */,
				498971BC2A002F0700448D4F /* TabFlow.swift in Sources */,
				49D9DACA2A21C44000E7C8A9 /* LocalizedStrings.swift in Sources */,
				49917EC82A1F7A2C006A3FF8 /* ArrayMethodBlockCell.swift in Sources */,
				49D8A2CA29FEC09100DF5B8E /* ConsoleViewController.swift in Sources */,
				49D8A2EA29FED8DB00DF5B8E /* HubViewModelType.swift in Sources */,
				495B416C29FCEFD300DEF375 /* AppDelegate.swift in Sources */,
				49D8A2D029FEC5D100DF5B8E /* CodeBlocksViewModelType.swift in Sources */,
				49B67C522A0F9FCC00B70F25 /* FlowBlockCellViewModel.swift in Sources */,
				490351AE2A0D448900B3693B /* Flow.swift in Sources */,
				49EA38272A266DD100E02F32 /* CodeBlocksDataSource.swift in Sources */,
				4952B0B32A12303300F7FEFC /* ForLoopBlockCell.swift in Sources */,
				49D9DABA2A21B99A00E7C8A9 /* ArrayBuilder.swift in Sources */,
				49D8A2CE29FEC5C000DF5B8E /* CodeBlocksViewModel.swift in Sources */,
				490351B22A0D448900B3693B /* Output.swift in Sources */,
				492560E02A13B4120040BE51 /* Function.swift in Sources */,
				49B67C5E2A0FEF6B00B70F25 /* WhileLoopBlockCell.swift in Sources */,
				49D8A2BF29FEBD8C00DF5B8E /* MainTabBarCoordinator.swift in Sources */,
				496A95B72A01529C007F1C17 /* WorkspaceCoordinator.swift in Sources */,
				495147832A09386000FD13AB /* BlockCellViewModel.swift in Sources */,
				4997E0EB2A0CA951000C35AD /* OutputBlockCellViewModel.swift in Sources */,
				49D8A2BA29FEB9DB00DF5B8E /* Coordinator.swift in Sources */,
				495B9EB62A06781600A825E5 /* BlockTextField.swift in Sources */,
				49D8A2BD29FEBD1000DF5B8E /* MainTabBarViewController.swift in Sources */,
				49E30E2D2A03A9F500BB869A /* VariableBlockType.swift in Sources */,
				49A3465B2A058F8F003BC2B9 /* ConditionBlockCell.swift in Sources */,
				49A08EC72A20EB9F009B92CD /* AlgorithmPreviewLayout.swift in Sources */,
				490351B02A0D448900B3693B /* TokenAST.swift in Sources */,
				49B67C602A0FF24B00B70F25 /* WhileLoopBlockCellViewModel.swift in Sources */,
				49D9DAB92A21B99A00E7C8A9 /* NodeService.swift in Sources */,
				49D8A2E329FED81900DF5B8E /* HubCoordinator.swift in Sources */,
				495128852A131760004717B5 /* SeparatorType.swift in Sources */,
				49F2B3B62A1A771A003817C0 /* UIView+Extensions.swift in Sources */,
				49D8A2E729FED8CB00DF5B8E /* HubViewModel.swift in Sources */,
				495B416E29FCEFD300DEF375 /* SceneDelegate.swift in Sources */,
				490351B12A0D448900B3693B /* Condition.swift in Sources */,
				49A08EBF2A20E54D009B92CD /* AlgorithmRepository.swift in Sources */,
				490351B52A0D4B9A00B3693B /* InterpreterManager.swift in Sources */,
				49D8A2C829FEC05A00DF5B8E /* WorkspaceViewController.swift in Sources */,
				49A346632A0592FD003BC2B9 /* BlockHeaderView.swift in Sources */,
				49917ECF2A1FCEC8006A3FF8 /* VariableTypeButton.swift in Sources */,
				49D8A2B729FEB9C800DF5B8E /* BaseCoordinator.swift in Sources */,
				49D8A2DD29FEC76100DF5B8E /* ConsoleViewModelType.swift in Sources */,
				49D9DAC02A21B99A00E7C8A9 /* ExpressionSolverService.swift in Sources */,
				5860313221A5CDD0534CFC0E /* Loop.swift in Sources */,
				49EA38292A26707800E02F32 /* WorkspaceDataSource.swift in Sources */,
				49C9AA792A21995C001198FD /* ReturningBlockCellViewModel.swift in Sources */,
				5860313E164A77C8DA2CF868 /* IBlock.swift in Sources */,
				49D9DABB2A21B99A00E7C8A9 /* CalculateAstService.swift in Sources */,
			);
			runOnlyForDeploymentPostprocessing = 0;
		};
/* End PBXSourcesBuildPhase section */

/* Begin PBXVariantGroup section */
		495B417629FCEFD400DEF375 /* LaunchScreen.storyboard */ = {
			isa = PBXVariantGroup;
			children = (
				495B417729FCEFD400DEF375 /* Base */,
				49D9DAC12A21C3CD00E7C8A9 /* ru */,
			);
			name = LaunchScreen.storyboard;
			sourceTree = "<group>";
		};
		49D9DAC62A21C41600E7C8A9 /* Localizable.strings */ = {
			isa = PBXVariantGroup;
			children = (
				49D9DAC52A21C41600E7C8A9 /* en */,
				49D9DAC72A21C41700E7C8A9 /* ru */,
			);
			name = Localizable.strings;
			sourceTree = "<group>";
		};
/* End PBXVariantGroup section */

/* Begin XCBuildConfiguration section */
		495B417A29FCEFD400DEF375 /* Debug */ = {
			isa = XCBuildConfiguration;
			buildSettings = {
				ALWAYS_SEARCH_USER_PATHS = NO;
				CLANG_ANALYZER_LOCALIZABILITY_NONLOCALIZED = YES;
				CLANG_ANALYZER_NONNULL = YES;
				CLANG_ANALYZER_NUMBER_OBJECT_CONVERSION = YES_AGGRESSIVE;
				CLANG_CXX_LANGUAGE_STANDARD = "gnu++20";
				CLANG_ENABLE_MODULES = YES;
				CLANG_ENABLE_OBJC_ARC = YES;
				CLANG_ENABLE_OBJC_WEAK = YES;
				CLANG_WARN_BLOCK_CAPTURE_AUTORELEASING = YES;
				CLANG_WARN_BOOL_CONVERSION = YES;
				CLANG_WARN_COMMA = YES;
				CLANG_WARN_CONSTANT_CONVERSION = YES;
				CLANG_WARN_DEPRECATED_OBJC_IMPLEMENTATIONS = YES;
				CLANG_WARN_DIRECT_OBJC_ISA_USAGE = YES_ERROR;
				CLANG_WARN_DOCUMENTATION_COMMENTS = YES;
				CLANG_WARN_EMPTY_BODY = YES;
				CLANG_WARN_ENUM_CONVERSION = YES;
				CLANG_WARN_INFINITE_RECURSION = YES;
				CLANG_WARN_INT_CONVERSION = YES;
				CLANG_WARN_NON_LITERAL_NULL_CONVERSION = YES;
				CLANG_WARN_OBJC_IMPLICIT_RETAIN_SELF = YES;
				CLANG_WARN_OBJC_LITERAL_CONVERSION = YES;
				CLANG_WARN_OBJC_ROOT_CLASS = YES_ERROR;
				CLANG_WARN_QUOTED_INCLUDE_IN_FRAMEWORK_HEADER = YES;
				CLANG_WARN_RANGE_LOOP_ANALYSIS = YES;
				CLANG_WARN_STRICT_PROTOTYPES = YES;
				CLANG_WARN_SUSPICIOUS_MOVE = YES;
				CLANG_WARN_UNGUARDED_AVAILABILITY = YES_AGGRESSIVE;
				CLANG_WARN_UNREACHABLE_CODE = YES;
				CLANG_WARN__DUPLICATE_METHOD_MATCH = YES;
				COPY_PHASE_STRIP = NO;
				DEBUG_INFORMATION_FORMAT = dwarf;
				ENABLE_STRICT_OBJC_MSGSEND = YES;
				ENABLE_TESTABILITY = YES;
				GCC_C_LANGUAGE_STANDARD = gnu11;
				GCC_DYNAMIC_NO_PIC = NO;
				GCC_NO_COMMON_BLOCKS = YES;
				GCC_OPTIMIZATION_LEVEL = 0;
				GCC_PREPROCESSOR_DEFINITIONS = (
					"DEBUG=1",
					"$(inherited)",
				);
				GCC_WARN_64_TO_32_BIT_CONVERSION = YES;
				GCC_WARN_ABOUT_RETURN_TYPE = YES_ERROR;
				GCC_WARN_UNDECLARED_SELECTOR = YES;
				GCC_WARN_UNINITIALIZED_AUTOS = YES_AGGRESSIVE;
				GCC_WARN_UNUSED_FUNCTION = YES;
				GCC_WARN_UNUSED_VARIABLE = YES;
				IPHONEOS_DEPLOYMENT_TARGET = 13.0;
				MTL_ENABLE_DEBUG_INFO = INCLUDE_SOURCE;
				MTL_FAST_MATH = YES;
				ONLY_ACTIVE_ARCH = YES;
				SDKROOT = iphoneos;
				SWIFT_ACTIVE_COMPILATION_CONDITIONS = DEBUG;
				SWIFT_OPTIMIZATION_LEVEL = "-Onone";
			};
			name = Debug;
		};
		495B417B29FCEFD400DEF375 /* Release */ = {
			isa = XCBuildConfiguration;
			buildSettings = {
				ALWAYS_SEARCH_USER_PATHS = NO;
				CLANG_ANALYZER_LOCALIZABILITY_NONLOCALIZED = YES;
				CLANG_ANALYZER_NONNULL = YES;
				CLANG_ANALYZER_NUMBER_OBJECT_CONVERSION = YES_AGGRESSIVE;
				CLANG_CXX_LANGUAGE_STANDARD = "gnu++20";
				CLANG_ENABLE_MODULES = YES;
				CLANG_ENABLE_OBJC_ARC = YES;
				CLANG_ENABLE_OBJC_WEAK = YES;
				CLANG_WARN_BLOCK_CAPTURE_AUTORELEASING = YES;
				CLANG_WARN_BOOL_CONVERSION = YES;
				CLANG_WARN_COMMA = YES;
				CLANG_WARN_CONSTANT_CONVERSION = YES;
				CLANG_WARN_DEPRECATED_OBJC_IMPLEMENTATIONS = YES;
				CLANG_WARN_DIRECT_OBJC_ISA_USAGE = YES_ERROR;
				CLANG_WARN_DOCUMENTATION_COMMENTS = YES;
				CLANG_WARN_EMPTY_BODY = YES;
				CLANG_WARN_ENUM_CONVERSION = YES;
				CLANG_WARN_INFINITE_RECURSION = YES;
				CLANG_WARN_INT_CONVERSION = YES;
				CLANG_WARN_NON_LITERAL_NULL_CONVERSION = YES;
				CLANG_WARN_OBJC_IMPLICIT_RETAIN_SELF = YES;
				CLANG_WARN_OBJC_LITERAL_CONVERSION = YES;
				CLANG_WARN_OBJC_ROOT_CLASS = YES_ERROR;
				CLANG_WARN_QUOTED_INCLUDE_IN_FRAMEWORK_HEADER = YES;
				CLANG_WARN_RANGE_LOOP_ANALYSIS = YES;
				CLANG_WARN_STRICT_PROTOTYPES = YES;
				CLANG_WARN_SUSPICIOUS_MOVE = YES;
				CLANG_WARN_UNGUARDED_AVAILABILITY = YES_AGGRESSIVE;
				CLANG_WARN_UNREACHABLE_CODE = YES;
				CLANG_WARN__DUPLICATE_METHOD_MATCH = YES;
				COPY_PHASE_STRIP = NO;
				DEBUG_INFORMATION_FORMAT = "dwarf-with-dsym";
				ENABLE_NS_ASSERTIONS = NO;
				ENABLE_STRICT_OBJC_MSGSEND = YES;
				GCC_C_LANGUAGE_STANDARD = gnu11;
				GCC_NO_COMMON_BLOCKS = YES;
				GCC_WARN_64_TO_32_BIT_CONVERSION = YES;
				GCC_WARN_ABOUT_RETURN_TYPE = YES_ERROR;
				GCC_WARN_UNDECLARED_SELECTOR = YES;
				GCC_WARN_UNINITIALIZED_AUTOS = YES_AGGRESSIVE;
				GCC_WARN_UNUSED_FUNCTION = YES;
				GCC_WARN_UNUSED_VARIABLE = YES;
				IPHONEOS_DEPLOYMENT_TARGET = 13.0;
				MTL_ENABLE_DEBUG_INFO = NO;
				MTL_FAST_MATH = YES;
				SDKROOT = iphoneos;
				SWIFT_COMPILATION_MODE = wholemodule;
				SWIFT_OPTIMIZATION_LEVEL = "-O";
				VALIDATE_PRODUCT = YES;
			};
			name = Release;
		};
		495B417D29FCEFD400DEF375 /* Debug */ = {
			isa = XCBuildConfiguration;
			baseConfigurationReference = 012C3B7FBBA79B11BFD1040A /* Pods-BlockInterpreter.debug.xcconfig */;
			buildSettings = {
				ASSETCATALOG_COMPILER_APPICON_NAME = AppIcon;
				ASSETCATALOG_COMPILER_GLOBAL_ACCENT_COLOR_NAME = AccentColor;
				CODE_SIGN_STYLE = Automatic;
				CURRENT_PROJECT_VERSION = 1;
				DEVELOPMENT_TEAM = 9KT4MKX52L;
				GENERATE_INFOPLIST_FILE = YES;
				INFOPLIST_FILE = BlockInterpreter/Resources/Info.plist;
				INFOPLIST_KEY_CFBundleDisplayName = "Code Blocks";
				INFOPLIST_KEY_LSApplicationCategoryType = "public.app-category.games";
				INFOPLIST_KEY_UIApplicationSupportsIndirectInputEvents = YES;
				INFOPLIST_KEY_UILaunchStoryboardName = LaunchScreen;
				INFOPLIST_KEY_UISupportedInterfaceOrientations_iPad = "UIInterfaceOrientationPortrait UIInterfaceOrientationPortraitUpsideDown UIInterfaceOrientationLandscapeLeft UIInterfaceOrientationLandscapeRight";
				INFOPLIST_KEY_UISupportedInterfaceOrientations_iPhone = "UIInterfaceOrientationPortrait UIInterfaceOrientationLandscapeLeft UIInterfaceOrientationLandscapeRight";
				IPHONEOS_DEPLOYMENT_TARGET = 13.0;
				LD_RUNPATH_SEARCH_PATHS = (
					"$(inherited)",
					"@executable_path/Frameworks",
				);
				MARKETING_VERSION = 1.0;
				PRODUCT_BUNDLE_IDENTIFIER = sem.BlockInterpreter;
				PRODUCT_NAME = "$(TARGET_NAME)";
				SWIFT_EMIT_LOC_STRINGS = YES;
				SWIFT_VERSION = 5.0;
				TARGETED_DEVICE_FAMILY = "1,2";
			};
			name = Debug;
		};
		495B417E29FCEFD400DEF375 /* Release */ = {
			isa = XCBuildConfiguration;
			baseConfigurationReference = C7DE8AEE618197EB591F20EE /* Pods-BlockInterpreter.release.xcconfig */;
			buildSettings = {
				ASSETCATALOG_COMPILER_APPICON_NAME = AppIcon;
				ASSETCATALOG_COMPILER_GLOBAL_ACCENT_COLOR_NAME = AccentColor;
				CODE_SIGN_STYLE = Automatic;
				CURRENT_PROJECT_VERSION = 1;
				DEVELOPMENT_TEAM = 9KT4MKX52L;
				GENERATE_INFOPLIST_FILE = YES;
				INFOPLIST_FILE = BlockInterpreter/Resources/Info.plist;
				INFOPLIST_KEY_CFBundleDisplayName = "Code Blocks";
				INFOPLIST_KEY_LSApplicationCategoryType = "public.app-category.games";
				INFOPLIST_KEY_UIApplicationSupportsIndirectInputEvents = YES;
				INFOPLIST_KEY_UILaunchStoryboardName = LaunchScreen;
				INFOPLIST_KEY_UISupportedInterfaceOrientations_iPad = "UIInterfaceOrientationPortrait UIInterfaceOrientationPortraitUpsideDown UIInterfaceOrientationLandscapeLeft UIInterfaceOrientationLandscapeRight";
				INFOPLIST_KEY_UISupportedInterfaceOrientations_iPhone = "UIInterfaceOrientationPortrait UIInterfaceOrientationLandscapeLeft UIInterfaceOrientationLandscapeRight";
				IPHONEOS_DEPLOYMENT_TARGET = 13.0;
				LD_RUNPATH_SEARCH_PATHS = (
					"$(inherited)",
					"@executable_path/Frameworks",
				);
				MARKETING_VERSION = 1.0;
				PRODUCT_BUNDLE_IDENTIFIER = sem.BlockInterpreter;
				PRODUCT_NAME = "$(TARGET_NAME)";
				SWIFT_EMIT_LOC_STRINGS = YES;
				SWIFT_VERSION = 5.0;
				TARGETED_DEVICE_FAMILY = "1,2";
			};
			name = Release;
		};
/* End XCBuildConfiguration section */

/* Begin XCConfigurationList section */
		495B416329FCEFD300DEF375 /* Build configuration list for PBXProject "BlockInterpreter" */ = {
			isa = XCConfigurationList;
			buildConfigurations = (
				495B417A29FCEFD400DEF375 /* Debug */,
				495B417B29FCEFD400DEF375 /* Release */,
			);
			defaultConfigurationIsVisible = 0;
			defaultConfigurationName = Release;
		};
		495B417C29FCEFD400DEF375 /* Build configuration list for PBXNativeTarget "BlockInterpreter" */ = {
			isa = XCConfigurationList;
			buildConfigurations = (
				495B417D29FCEFD400DEF375 /* Debug */,
				495B417E29FCEFD400DEF375 /* Release */,
			);
			defaultConfigurationIsVisible = 0;
			defaultConfigurationName = Release;
		};
/* End XCConfigurationList section */
	};
	rootObject = 495B416029FCEFD300DEF375 /* Project object */;
}
