PODS:
  - CombineCocoa (0.4.1)
  - SnapKit (5.0.1)
  - WaveTab (1.1.0)

DEPENDENCIES:
  - CombineCocoa
  - SnapKit (~> 5.0.0)
  - WaveTab

SPEC REPOS:
  trunk:
    - CombineCocoa
    - SnapKit
    - WaveTab

SPEC CHECKSUMS:
  CombineCocoa: e5210dbfb480ff251078929459ac17e750e7af1d
  SnapKit: 97b92857e3df3a0c71833cce143274bf6ef8e5eb
  WaveTab: ae1db4f50d09513107bfb223cdd06131eb9befd7

PODFILE CHECKSUM: 4606bf5dcbf4ae99a8dc9313429cfce3bbb89f20

COCOAPODS: 1.12.1
