<?xml version="1.0" encoding="UTF-8"?>
<Scheme
   version = "1.3">
   <BuildAction>
      <BuildActionEntries>
         <BuildActionEntry
            buildForRunning = "YES">
            <BuildableReference
               BuildableIdentifier = "primary"
               BlueprintIdentifier = "58603A1918D71D17C172A6CC"
               BuildableName = "ConsoleInterpreter"
               BlueprintName = "ConsoleInterpreter"
               ReferencedContainer = "container:ConsoleInterpreter.xcodeproj">
            </BuildableReference>
         </BuildActionEntry>
      </BuildActionEntries>
   </BuildAction>
   <LaunchAction
      useCustomWorkingDirectory = "NO"
      buildConfiguration = "Debug"
      allowLocationSimulation = "YES">
      <BuildableProductRunnable>
         <BuildableReference
            BuildableIdentifier = "primary"
            BlueprintIdentifier = "58603A1918D71D17C172A6CC"
            BuildableName = "ConsoleInterpreter"
            BlueprintName = "ConsoleInterpreter"
            ReferencedContainer = "container:ConsoleInterpreter.xcodeproj">
         </BuildableReference>
      </BuildableProductRunnable>
   </LaunchAction>
</Scheme>
