// !$*UTF8*$!
{
	archiveVersion = 1;
	classes = {
	};
	objectVersion = 46;
	objects = {

/* Begin PBXBuildFile section */
		5860307C8399ABC5C8D2D91E /* BlockDelimiter.swift in Sources */ = {isa = PBXBuildFile; fileRef = 58603E435CDDED4C158ABE93 /* BlockDelimiter.swift */; };
		586030AF87ECF1915C6E8D35 /* Variable.swift in Sources */ = {isa = PBXBuildFile; fileRef = 586031E5A8505E6B205B823E /* Variable.swift */; };
		5860316BE87AB6D10D0F83C8 /* NodeService.swift in Sources */ = {isa = PBXBuildFile; fileRef = 586035925409F98972CBAB63 /* NodeService.swift */; };
		5860334031A95B52A1D0693A /* BlockProtocol.swift in Sources */ = {isa = PBXBuildFile; fileRef = 58603B55633BF5CEC59CFFC6 /* BlockProtocol.swift */; };
		586035A8030399C355559DEF /* Loop.swift in Sources */ = {isa = PBXBuildFile; fileRef = 58603355C5E7B64F1DA5C64C /* Loop.swift */; };
		586035D0BACE931ECE34A079 /* TokenAST.swift in Sources */ = {isa = PBXBuildFile; fileRef = 586035C5A1F4018C673E076A /* TokenAST.swift */; };
		5860364EBDBFB1EAF11A3396 /* main.swift in Sources */ = {isa = PBXBuildFile; fileRef = 58603770F49236CAA8FF6CB1 /* main.swift */; };
		586036714679672BC9CF980C /* Returning.swift in Sources */ = {isa = PBXBuildFile; fileRef = 58603EEF6681188B58336C41 /* Returning.swift */; };
		5860379E237C397292F7BE43 /* TreeService.swift in Sources */ = {isa = PBXBuildFile; fileRef = 58603719F75E950BDCE56E4E /* TreeService.swift */; };
		58603A5C0860200E848EA221 /* ReversePolishService.swift in Sources */ = {isa = PBXBuildFile; fileRef = 58603C8AFAFB12FA74A59C0C /* ReversePolishService.swift */; };
		58603A7337A7271246954C14 /* CalculateAstService.swift in Sources */ = {isa = PBXBuildFile; fileRef = 5860358433097B1027D75D1E /* CalculateAstService.swift */; };
		58603A878C98C557415C85A4 /* Condition.swift in Sources */ = {isa = PBXBuildFile; fileRef = 5860341AE7AA15126AB5CF2A /* Condition.swift */; };
		58603BD6B60BC26DF901967D /* Output.swift in Sources */ = {isa = PBXBuildFile; fileRef = 586033B9137E810B10B7FE60 /* Output.swift */; };
		58603CE3591650A8A23905EB /* Function.swift in Sources */ = {isa = PBXBuildFile; fileRef = 58603858D82768B77CF315E2 /* Function.swift */; };
		58603CF3FC66B6CC412A9D84 /* Continue.swift in Sources */ = {isa = PBXBuildFile; fileRef = 58603C570D3B4FBD07B9770C /* Continue.swift */; };
		58603E1DA2B655F20A0CFFB7 /* Break.swift in Sources */ = {isa = PBXBuildFile; fileRef = 5860331942F26DA8348A0D78 /* Break.swift */; };
/* End PBXBuildFile section */

/* Begin PBXCopyFilesBuildPhase section */
		58603402B599D07EBDF02D1C /* CopyFiles */ = {
			isa = PBXCopyFilesBuildPhase;
			buildActionMask = 2147483647;
			dstPath = /usr/share/man/man1/;
			dstSubfolderSpec = 0;
			files = (
			);
			runOnlyForDeploymentPostprocessing = 1;
		};
/* End PBXCopyFilesBuildPhase section */

/* Begin PBXFileReference section */
		5860316432F5DBB1303AEEDE /* ConsoleInterpreter */ = {isa = PBXFileReference; explicitFileType = "compiled.mach-o.executable"; includeInIndex = 0; path = ConsoleInterpreter; sourceTree = BUILT_PRODUCTS_DIR; };
		586031E5A8505E6B205B823E /* Variable.swift */ = {isa = PBXFileReference; fileEncoding = 4; lastKnownFileType = sourcecode.swift; path = Variable.swift; sourceTree = "<group>"; };
		5860331942F26DA8348A0D78 /* Break.swift */ = {isa = PBXFileReference; fileEncoding = 4; lastKnownFileType = sourcecode.swift; path = Break.swift; sourceTree = "<group>"; };
		58603355C5E7B64F1DA5C64C /* Loop.swift */ = {isa = PBXFileReference; fileEncoding = 4; lastKnownFileType = sourcecode.swift; path = Loop.swift; sourceTree = "<group>"; };
		586033B9137E810B10B7FE60 /* Output.swift */ = {isa = PBXFileReference; fileEncoding = 4; lastKnownFileType = sourcecode.swift; path = Output.swift; sourceTree = "<group>"; };
		5860341AE7AA15126AB5CF2A /* Condition.swift */ = {isa = PBXFileReference; fileEncoding = 4; lastKnownFileType = sourcecode.swift; path = Condition.swift; sourceTree = "<group>"; };
		5860358433097B1027D75D1E /* CalculateAstService.swift */ = {isa = PBXFileReference; fileEncoding = 4; lastKnownFileType = sourcecode.swift; path = CalculateAstService.swift; sourceTree = "<group>"; };
		586035925409F98972CBAB63 /* NodeService.swift */ = {isa = PBXFileReference; fileEncoding = 4; lastKnownFileType = sourcecode.swift; path = NodeService.swift; sourceTree = "<group>"; };
		586035C5A1F4018C673E076A /* TokenAST.swift */ = {isa = PBXFileReference; fileEncoding = 4; lastKnownFileType = sourcecode.swift; path = TokenAST.swift; sourceTree = "<group>"; };
		58603719F75E950BDCE56E4E /* TreeService.swift */ = {isa = PBXFileReference; fileEncoding = 4; lastKnownFileType = sourcecode.swift; path = TreeService.swift; sourceTree = "<group>"; };
		58603770F49236CAA8FF6CB1 /* main.swift */ = {isa = PBXFileReference; fileEncoding = 4; lastKnownFileType = sourcecode.swift; path = main.swift; sourceTree = "<group>"; };
		58603858D82768B77CF315E2 /* Function.swift */ = {isa = PBXFileReference; fileEncoding = 4; lastKnownFileType = sourcecode.swift; path = Function.swift; sourceTree = "<group>"; };
		58603B55633BF5CEC59CFFC6 /* BlockProtocol.swift */ = {isa = PBXFileReference; fileEncoding = 4; lastKnownFileType = sourcecode.swift; path = BlockProtocol.swift; sourceTree = "<group>"; };
		58603C570D3B4FBD07B9770C /* Continue.swift */ = {isa = PBXFileReference; fileEncoding = 4; lastKnownFileType = sourcecode.swift; path = Continue.swift; sourceTree = "<group>"; };
		58603C8AFAFB12FA74A59C0C /* ReversePolishService.swift */ = {isa = PBXFileReference; fileEncoding = 4; lastKnownFileType = sourcecode.swift; path = ReversePolishService.swift; sourceTree = "<group>"; };
		58603E435CDDED4C158ABE93 /* BlockDelimiter.swift */ = {isa = PBXFileReference; fileEncoding = 4; lastKnownFileType = sourcecode.swift; path = BlockDelimiter.swift; sourceTree = "<group>"; };
		58603EEF6681188B58336C41 /* Returning.swift */ = {isa = PBXFileReference; fileEncoding = 4; lastKnownFileType = sourcecode.swift; path = Returning.swift; sourceTree = "<group>"; };
/* End PBXFileReference section */

/* Begin PBXFrameworksBuildPhase section */
		586034BE62D0C7C407C7C31C /* Frameworks */ = {
			isa = PBXFrameworksBuildPhase;
			buildActionMask = 2147483647;
			files = (
			);
			runOnlyForDeploymentPostprocessing = 0;
		};
/* End PBXFrameworksBuildPhase section */

/* Begin PBXGroup section */
		586031159D66EB72911EB5B8 /* Models */ = {
			isa = PBXGroup;
			children = (
				58603E435CDDED4C158ABE93 /* BlockDelimiter.swift */,
				58603B55633BF5CEC59CFFC6 /* BlockProtocol.swift */,
				5860341AE7AA15126AB5CF2A /* Condition.swift */,
				58603858D82768B77CF315E2 /* Function.swift */,
				58603355C5E7B64F1DA5C64C /* Loop.swift */,
				58603EEF6681188B58336C41 /* Returning.swift */,
				586035C5A1F4018C673E076A /* TokenAST.swift */,
				586031E5A8505E6B205B823E /* Variable.swift */,
				586033B9137E810B10B7FE60 /* Output.swift */,
				58603C570D3B4FBD07B9770C /* Continue.swift */,
				5860331942F26DA8348A0D78 /* Break.swift */,
			);
			path = Models;
			sourceTree = "<group>";
		};
		586032E4CC83D93E1E78CFAA /* Products */ = {
			isa = PBXGroup;
			children = (
				5860316432F5DBB1303AEEDE /* ConsoleInterpreter */,
			);
			name = Products;
			sourceTree = "<group>";
		};
		586034EF300D6332AB6620EA /* Services */ = {
			isa = PBXGroup;
			children = (
				5860358433097B1027D75D1E /* CalculateAstService.swift */,
				586035925409F98972CBAB63 /* NodeService.swift */,
				58603C8AFAFB12FA74A59C0C /* ReversePolishService.swift */,
				58603719F75E950BDCE56E4E /* TreeService.swift */,
			);
			path = Services;
			sourceTree = "<group>";
		};
		58603536D98D5AA2DDE6E7F9 /* ConsoleInterpreter */ = {
			isa = PBXGroup;
			children = (
				58603770F49236CAA8FF6CB1 /* main.swift */,
				586031159D66EB72911EB5B8 /* Models */,
				586034EF300D6332AB6620EA /* Services */,
			);
			path = ConsoleInterpreter;
			sourceTree = "<group>";
		};
		586039A866DC54B0D290848E = {
			isa = PBXGroup;
			children = (
				586032E4CC83D93E1E78CFAA /* Products */,
				58603536D98D5AA2DDE6E7F9 /* ConsoleInterpreter */,
			);
			sourceTree = "<group>";
		};
/* End PBXGroup section */

/* Begin PBXNativeTarget section */
		58603A1918D71D17C172A6CC /* ConsoleInterpreter */ = {
			isa = PBXNativeTarget;
			buildConfigurationList = 58603F03C0E51E0F3E104BD7 /* Build configuration list for PBXNativeTarget "ConsoleInterpreter" */;
			buildPhases = (
				58603C75C1345B75FC8A6EA6 /* Sources */,
				586034BE62D0C7C407C7C31C /* Frameworks */,
				58603402B599D07EBDF02D1C /* CopyFiles */,
			);
			buildRules = (
			);
			dependencies = (
			);
			name = ConsoleInterpreter;
			productName = ConsoleInterpreter;
			productReference = 5860316432F5DBB1303AEEDE /* ConsoleInterpreter */;
			productType = "com.apple.product-type.tool";
		};
/* End PBXNativeTarget section */

/* Begin PBXProject section */
		586038FF91D8594BC9146A44 /* Project object */ = {
			isa = PBXProject;
			buildConfigurationList = 58603E79C02E0C9C20107BEB /* Build configuration list for PBXProject "ConsoleInterpreter" */;
			compatibilityVersion = "Xcode 3.2";
			developmentRegion = English;
			hasScannedForEncodings = 0;
			knownRegions = (
				en,
			);
			mainGroup = 586039A866DC54B0D290848E;
			productRefGroup = 586032E4CC83D93E1E78CFAA /* Products */;
			projectDirPath = "";
			projectRoot = "";
			targets = (
				58603A1918D71D17C172A6CC /* ConsoleInterpreter */,
			);
		};
/* End PBXProject section */

/* Begin PBXSourcesBuildPhase section */
		58603C75C1345B75FC8A6EA6 /* Sources */ = {
			isa = PBXSourcesBuildPhase;
			buildActionMask = 2147483647;
			files = (
				5860364EBDBFB1EAF11A3396 /* main.swift in Sources */,
				58603A7337A7271246954C14 /* CalculateAstService.swift in Sources */,
				5860316BE87AB6D10D0F83C8 /* NodeService.swift in Sources */,
				58603A5C0860200E848EA221 /* ReversePolishService.swift in Sources */,
				5860379E237C397292F7BE43 /* TreeService.swift in Sources */,
				5860307C8399ABC5C8D2D91E /* BlockDelimiter.swift in Sources */,
				5860334031A95B52A1D0693A /* BlockProtocol.swift in Sources */,
				58603A878C98C557415C85A4 /* Condition.swift in Sources */,
				58603CE3591650A8A23905EB /* Function.swift in Sources */,
				586035A8030399C355559DEF /* Loop.swift in Sources */,
				586036714679672BC9CF980C /* Returning.swift in Sources */,
				586035D0BACE931ECE34A079 /* TokenAST.swift in Sources */,
				586030AF87ECF1915C6E8D35 /* Variable.swift in Sources */,
				58603BD6B60BC26DF901967D /* Output.swift in Sources */,
				58603CF3FC66B6CC412A9D84 /* Continue.swift in Sources */,
				58603E1DA2B655F20A0CFFB7 /* Break.swift in Sources */,
			);
			runOnlyForDeploymentPostprocessing = 0;
		};
/* End PBXSourcesBuildPhase section */

/* Begin XCBuildConfiguration section */
		586034D58701FE0F45A26F63 /* Debug */ = {
			isa = XCBuildConfiguration;
			buildSettings = {
				MACOSX_DEPLOYMENT_TARGET = 13.1;
				PRODUCT_NAME = "$(TARGET_NAME)";
				SWIFT_VERSION = 5.0;
			};
			name = Debug;
		};
		586038327A9246C86FA60453 /* Release */ = {
			isa = XCBuildConfiguration;
			buildSettings = {
				MACOSX_DEPLOYMENT_TARGET = 13.1;
				PRODUCT_NAME = "$(TARGET_NAME)";
				SWIFT_VERSION = 5.0;
			};
			name = Release;
		};
		58603C468C989DA8902164BB /* Release */ = {
			isa = XCBuildConfiguration;
			buildSettings = {
				ALWAYS_SEARCH_USER_PATHS = NO;
				CLANG_ANALYZER_NONNULL = YES;
				CLANG_ANALYZER_NUMBER_OBJECT_CONVERSION = YES_AGGRESSIVE;
				CLANG_CXX_LANGUAGE_STANDARD = "gnu++20";
				CLANG_ENABLE_MODULES = YES;
				CLANG_ENABLE_OBJC_ARC = YES;
				CLANG_ENABLE_OBJC_WEAK = YES;
				CLANG_WARN_BLOCK_CAPTURE_AUTORELEASING = YES;
				CLANG_WARN_BOOL_CONVERSION = YES;
				CLANG_WARN_COMMA = YES;
				CLANG_WARN_CONSTANT_CONVERSION = YES;
				CLANG_WARN_DEPRECATED_OBJC_IMPLEMENTATIONS = YES;
				CLANG_WARN_DIRECT_OBJC_ISA_USAGE = YES_ERROR;
				CLANG_WARN_DOCUMENTATION_COMMENTS = YES;
				CLANG_WARN_EMPTY_BODY = YES;
				CLANG_WARN_ENUM_CONVERSION = YES;
				CLANG_WARN_INFINITE_RECURSION = YES;
				CLANG_WARN_INT_CONVERSION = YES;
				CLANG_WARN_NON_LITERAL_NULL_CONVERSION = YES;
				CLANG_WARN_OBJC_IMPLICIT_RETAIN_SELF = YES;
				CLANG_WARN_OBJC_LITERAL_CONVERSION = YES;
				CLANG_WARN_OBJC_ROOT_CLASS = YES_ERROR;
				CLANG_WARN_QUOTED_INCLUDE_IN_FRAMEWORK_HEADER = YES;
				CLANG_WARN_RANGE_LOOP_ANALYSIS = YES;
				CLANG_WARN_STRICT_PROTOTYPES = YES;
				CLANG_WARN_SUSPICIOUS_MOVE = YES;
				CLANG_WARN_UNGUARDED_AVAILABILITY = YES_AGGRESSIVE;
				CLANG_WARN_UNREACHABLE_CODE = YES;
				CLANG_WARN__DUPLICATE_METHOD_MATCH = YES;
				COPY_PHASE_STRIP = NO;
				DEBUG_INFORMATION_FORMAT = "dwarf-with-dsym";
				ENABLE_NS_ASSERTIONS = NO;
				ENABLE_STRICT_OBJC_MSGSEND = YES;
				GCC_C_LANGUAGE_STANDARD = gnu11;
				GCC_NO_COMMON_BLOCKS = YES;
				GCC_WARN_64_TO_32_BIT_CONVERSION = YES;
				GCC_WARN_ABOUT_RETURN_TYPE = YES_ERROR;
				GCC_WARN_UNDECLARED_SELECTOR = YES;
				GCC_WARN_UNINITIALIZED_AUTOS = YES_AGGRESSIVE;
				GCC_WARN_UNUSED_FUNCTION = YES;
				GCC_WARN_UNUSED_VARIABLE = YES;
				MACOSX_DEPLOYMENT_TARGET = 13.2;
				MTL_ENABLE_DEBUG_INFO = NO;
				MTL_FAST_MATH = YES;
				SDKROOT = macosx;
				SWIFT_COMPILATION_MODE = wholemodule;
				SWIFT_OPTIMIZATION_LEVEL = "-O";
			};
			name = Release;
		};
		58603DDB7570BB1C0F0543A3 /* Debug */ = {
			isa = XCBuildConfiguration;
			buildSettings = {
				ALWAYS_SEARCH_USER_PATHS = NO;
				CLANG_ANALYZER_NONNULL = YES;
				CLANG_ANALYZER_NUMBER_OBJECT_CONVERSION = YES_AGGRESSIVE;
				CLANG_CXX_LANGUAGE_STANDARD = "gnu++20";
				CLANG_ENABLE_MODULES = YES;
				CLANG_ENABLE_OBJC_ARC = YES;
				CLANG_ENABLE_OBJC_WEAK = YES;
				CLANG_WARN_BLOCK_CAPTURE_AUTORELEASING = YES;
				CLANG_WARN_BOOL_CONVERSION = YES;
				CLANG_WARN_COMMA = YES;
				CLANG_WARN_CONSTANT_CONVERSION = YES;
				CLANG_WARN_DEPRECATED_OBJC_IMPLEMENTATIONS = YES;
				CLANG_WARN_DIRECT_OBJC_ISA_USAGE = YES_ERROR;
				CLANG_WARN_DOCUMENTATION_COMMENTS = YES;
				CLANG_WARN_EMPTY_BODY = YES;
				CLANG_WARN_ENUM_CONVERSION = YES;
				CLANG_WARN_INFINITE_RECURSION = YES;
				CLANG_WARN_INT_CONVERSION = YES;
				CLANG_WARN_NON_LITERAL_NULL_CONVERSION = YES;
				CLANG_WARN_OBJC_IMPLICIT_RETAIN_SELF = YES;
				CLANG_WARN_OBJC_LITERAL_CONVERSION = YES;
				CLANG_WARN_OBJC_ROOT_CLASS = YES_ERROR;
				CLANG_WARN_QUOTED_INCLUDE_IN_FRAMEWORK_HEADER = YES;
				CLANG_WARN_RANGE_LOOP_ANALYSIS = YES;
				CLANG_WARN_STRICT_PROTOTYPES = YES;
				CLANG_WARN_SUSPICIOUS_MOVE = YES;
				CLANG_WARN_UNGUARDED_AVAILABILITY = YES_AGGRESSIVE;
				CLANG_WARN_UNREACHABLE_CODE = YES;
				CLANG_WARN__DUPLICATE_METHOD_MATCH = YES;
				COPY_PHASE_STRIP = NO;
				DEBUG_INFORMATION_FORMAT = dwarf;
				ENABLE_STRICT_OBJC_MSGSEND = YES;
				ENABLE_TESTABILITY = YES;
				GCC_C_LANGUAGE_STANDARD = gnu11;
				GCC_DYNAMIC_NO_PIC = NO;
				GCC_NO_COMMON_BLOCKS = YES;
				GCC_OPTIMIZATION_LEVEL = 0;
				GCC_PREPROCESSOR_DEFINITIONS = (
					"DEBUG=1",
					"$(inherited)",
				);
				GCC_WARN_64_TO_32_BIT_CONVERSION = YES;
				GCC_WARN_ABOUT_RETURN_TYPE = YES_ERROR;
				GCC_WARN_UNDECLARED_SELECTOR = YES;
				GCC_WARN_UNINITIALIZED_AUTOS = YES_AGGRESSIVE;
				GCC_WARN_UNUSED_FUNCTION = YES;
				GCC_WARN_UNUSED_VARIABLE = YES;
				MACOSX_DEPLOYMENT_TARGET = 13.2;
				MTL_ENABLE_DEBUG_INFO = INCLUDE_SOURCE;
				MTL_FAST_MATH = YES;
				ONLY_ACTIVE_ARCH = YES;
				SDKROOT = macosx;
				SWIFT_ACTIVE_COMPILATION_CONDITIONS = DEBUG;
				SWIFT_OPTIMIZATION_LEVEL = "-Onone";
			};
			name = Debug;
		};
/* End XCBuildConfiguration section */

/* Begin XCConfigurationList section */
		58603E79C02E0C9C20107BEB /* Build configuration list for PBXProject "ConsoleInterpreter" */ = {
			isa = XCConfigurationList;
			buildConfigurations = (
				58603DDB7570BB1C0F0543A3 /* Debug */,
				58603C468C989DA8902164BB /* Release */,
			);
			defaultConfigurationIsVisible = 0;
			defaultConfigurationName = Release;
		};
		58603F03C0E51E0F3E104BD7 /* Build configuration list for PBXNativeTarget "ConsoleInterpreter" */ = {
			isa = XCConfigurationList;
			buildConfigurations = (
				586034D58701FE0F45A26F63 /* Debug */,
				586038327A9246C86FA60453 /* Release */,
			);
			defaultConfigurationIsVisible = 0;
		};
/* End XCConfigurationList section */
	};
	rootObject = 586038FF91D8594BC9146A44 /* Project object */;
}
